// !$*UTF8*$!
{
	archiveVersion = 1;
	classes = {
	};
	objectVersion = 46;
	objects = {

/* Begin PBXBuildFile section */
		57A23FB916404C6200FB1238 /* TexturesMap.mm in Sources */ = {isa = PBXBuildFile; fileRef = 57A23FB816404C6200FB1238 /* TexturesMap.mm */; };
		57E6BF23163FFB28008B0E7F /* FileUtils.cpp in Sources */ = {isa = PBXBuildFile; fileRef = 57E6BF22163FFB28008B0E7F /* FileUtils.cpp */; };
		57E6BF2B16400025008B0E7F /* ObjModel.cpp in Sources */ = {isa = PBXBuildFile; fileRef = 57E6BF2916400025008B0E7F /* ObjModel.cpp */; };
		57E6BF3716400256008B0E7F /* sheep.obj in Resources */ = {isa = PBXBuildFile; fileRef = 57E6BF3616400256008B0E7F /* sheep.obj */; };
		57EB54241640AC1000571C1A /* sheep.png in Resources */ = {isa = PBXBuildFile; fileRef = 57EB54231640AC1000571C1A /* sheep.png */; };
		57EB542F1640B19400571C1A /* PathUtils.mm in Sources */ = {isa = PBXBuildFile; fileRef = 57EB542E1640B19400571C1A /* PathUtils.mm */; };
		57EB54391640BC6900571C1A /* Sheep.cpp in Sources */ = {isa = PBXBuildFile; fileRef = 57EB54371640BC6900571C1A /* Sheep.cpp */; };
		57EB54421640C93900571C1A /* sheep_anim_graze1.obj in Resources */ = {isa = PBXBuildFile; fileRef = 57EB543B1640C93900571C1A /* sheep_anim_graze1.obj */; };
		57EB54431640C93900571C1A /* sheep_anim_graze2.obj in Resources */ = {isa = PBXBuildFile; fileRef = 57EB543C1640C93900571C1A /* sheep_anim_graze2.obj */; };
		57EB54441640C93900571C1A /* sheep_anim_graze3.obj in Resources */ = {isa = PBXBuildFile; fileRef = 57EB543D1640C93900571C1A /* sheep_anim_graze3.obj */; };
		57EB54451640C93900571C1A /* sheep_anim_walk0.obj in Resources */ = {isa = PBXBuildFile; fileRef = 57EB543E1640C93900571C1A /* sheep_anim_walk0.obj */; };
		57EB54461640C93900571C1A /* sheep_anim_walk1.obj in Resources */ = {isa = PBXBuildFile; fileRef = 57EB543F1640C93900571C1A /* sheep_anim_walk1.obj */; };
		57EB54471640C93900571C1A /* sheep_anim_walk2.obj in Resources */ = {isa = PBXBuildFile; fileRef = 57EB54401640C93900571C1A /* sheep_anim_walk2.obj */; };
		57EB54481640C93900571C1A /* sheep_anim_walk3.obj in Resources */ = {isa = PBXBuildFile; fileRef = 57EB54411640C93900571C1A /* sheep_anim_walk3.obj */; };
		57EB544A1640CF0D00571C1A /* sheep_anim_graze0.obj in Resources */ = {isa = PBXBuildFile; fileRef = 57EB54491640CF0D00571C1A /* sheep_anim_graze0.obj */; };
		57EB54551640D40600571C1A /* Land.cpp in Sources */ = {isa = PBXBuildFile; fileRef = 57EB54531640D40600571C1A /* Land.cpp */; };
		57EB545A1640D7FE00571C1A /* grass.png in Resources */ = {isa = PBXBuildFile; fileRef = 57EB54591640D7FE00571C1A /* grass.png */; };
		57F5BC0D1636D41700DF1161 /* UIKit.framework in Frameworks */ = {isa = PBXBuildFile; fileRef = 57F5BC0C1636D41700DF1161 /* UIKit.framework */; };
		57F5BC0F1636D41700DF1161 /* Foundation.framework in Frameworks */ = {isa = PBXBuildFile; fileRef = 57F5BC0E1636D41700DF1161 /* Foundation.framework */; };
		57F5BC111636D41700DF1161 /* CoreGraphics.framework in Frameworks */ = {isa = PBXBuildFile; fileRef = 57F5BC101636D41700DF1161 /* CoreGraphics.framework */; };
		57F5BC171636D41700DF1161 /* InfoPlist.strings in Resources */ = {isa = PBXBuildFile; fileRef = 57F5BC151636D41700DF1161 /* InfoPlist.strings */; };
		57F5BC191636D41700DF1161 /* main.m in Sources */ = {isa = PBXBuildFile; fileRef = 57F5BC181636D41700DF1161 /* main.m */; };
		57F5BC1D1636D41700DF1161 /* AppDelegate.m in Sources */ = {isa = PBXBuildFile; fileRef = 57F5BC1C1636D41700DF1161 /* AppDelegate.m */; };
		57F5BC1F1636D41700DF1161 /* Default.png in Resources */ = {isa = PBXBuildFile; fileRef = 57F5BC1E1636D41700DF1161 /* Default.png */; };
		57F5BC211636D41700DF1161 /* Default@2x.png in Resources */ = {isa = PBXBuildFile; fileRef = 57F5BC201636D41700DF1161 /* Default@2x.png */; };
		57F5BC231636D41700DF1161 /* Default-568h@2x.png in Resources */ = {isa = PBXBuildFile; fileRef = 57F5BC221636D41700DF1161 /* Default-568h@2x.png */; };
		57F5BC261636D41700DF1161 /* MainStoryboard_iPhone.storyboard in Resources */ = {isa = PBXBuildFile; fileRef = 57F5BC241636D41700DF1161 /* MainStoryboard_iPhone.storyboard */; };
		57F5BC291636D41700DF1161 /* MainStoryboard_iPad.storyboard in Resources */ = {isa = PBXBuildFile; fileRef = 57F5BC271636D41700DF1161 /* MainStoryboard_iPad.storyboard */; };
		57F5BC2C1636D41700DF1161 /* ViewController.mm in Sources */ = {isa = PBXBuildFile; fileRef = 57F5BC2B1636D41700DF1161 /* ViewController.mm */; };
		57F5BC421636D50E00DF1161 /* fragment.glsl in Resources */ = {isa = PBXBuildFile; fileRef = 57F5BC401636D50E00DF1161 /* fragment.glsl */; };
		57F5BC431636D50E00DF1161 /* vertex.glsl in Resources */ = {isa = PBXBuildFile; fileRef = 57F5BC411636D50E00DF1161 /* vertex.glsl */; };
		57F5BC451636D5C100DF1161 /* OpenGLES.framework in Frameworks */ = {isa = PBXBuildFile; fileRef = 57F5BC441636D5C100DF1161 /* OpenGLES.framework */; };
		57F5BC471636D5C600DF1161 /* QuartzCore.framework in Frameworks */ = {isa = PBXBuildFile; fileRef = 57F5BC461636D5C600DF1161 /* QuartzCore.framework */; };
		57F5BC4A1636D60D00DF1161 /* OpenGLView.mm in Sources */ = {isa = PBXBuildFile; fileRef = 57F5BC491636D60D00DF1161 /* OpenGLView.mm */; };
		57F5BC531636E4B100DF1161 /* shaderUtilities.cpp in Sources */ = {isa = PBXBuildFile; fileRef = 57F5BC3A1636D4EF00DF1161 /* shaderUtilities.cpp */; };
		57F5BC651636FD8300DF1161 /* electricSheep.cpp in Sources */ = {isa = PBXBuildFile; fileRef = 57F5BC391636D4EF00DF1161 /* electricSheep.cpp */; };
/* End PBXBuildFile section */

/* Begin PBXFileReference section */
		57A23FB716404C6200FB1238 /* TexturesMap.h */ = {isa = PBXFileReference; fileEncoding = 4; lastKnownFileType = sourcecode.c.h; name = TexturesMap.h; path = ../TexturesMap.h; sourceTree = "<group>"; };
		57A23FB816404C6200FB1238 /* TexturesMap.mm */ = {isa = PBXFileReference; fileEncoding = 4; lastKnownFileType = sourcecode.cpp.objcpp; name = TexturesMap.mm; path = ../TexturesMap.mm; sourceTree = "<group>"; };
		57A23FBB16404FF600FB1238 /* TexturesMap_C_Interface.h */ = {isa = PBXFileReference; fileEncoding = 4; lastKnownFileType = sourcecode.c.h; name = TexturesMap_C_Interface.h; path = ../TexturesMap_C_Interface.h; sourceTree = "<group>"; };
		57E6BF22163FFB28008B0E7F /* FileUtils.cpp */ = {isa = PBXFileReference; fileEncoding = 4; lastKnownFileType = sourcecode.cpp.cpp; name = FileUtils.cpp; path = ../FileUtils.cpp; sourceTree = "<group>"; };
		57E6BF24163FFCBB008B0E7F /* FileUtils.h */ = {isa = PBXFileReference; fileEncoding = 4; lastKnownFileType = sourcecode.c.h; name = FileUtils.h; path = ../FileUtils.h; sourceTree = "<group>"; };
		57E6BF2916400025008B0E7F /* ObjModel.cpp */ = {isa = PBXFileReference; fileEncoding = 4; lastKnownFileType = sourcecode.cpp.cpp; name = ObjModel.cpp; path = ../ObjModel.cpp; sourceTree = "<group>"; };
		57E6BF2A16400025008B0E7F /* ObjModel.h */ = {isa = PBXFileReference; fileEncoding = 4; lastKnownFileType = sourcecode.c.h; name = ObjModel.h; path = ../ObjModel.h; sourceTree = "<group>"; };
		57E6BF2C164000B3008B0E7F /* GLIncludes.h */ = {isa = PBXFileReference; lastKnownFileType = sourcecode.c.h; name = GLIncludes.h; path = ../GLIncludes.h; sourceTree = "<group>"; };
		57E6BF3616400256008B0E7F /* sheep.obj */ = {isa = PBXFileReference; fileEncoding = 4; lastKnownFileType = text; name = sheep.obj; path = ../resources/sheep.obj; sourceTree = "<group>"; };
		57EB54231640AC1000571C1A /* sheep.png */ = {isa = PBXFileReference; lastKnownFileType = image.png; name = sheep.png; path = ../resources/sheep.png; sourceTree = "<group>"; };
		57EB542C1640B13800571C1A /* Path_C_Interface.h */ = {isa = PBXFileReference; fileEncoding = 4; lastKnownFileType = sourcecode.c.h; name = Path_C_Interface.h; path = ../Path_C_Interface.h; sourceTree = "<group>"; };
		57EB542E1640B19400571C1A /* PathUtils.mm */ = {isa = PBXFileReference; fileEncoding = 4; lastKnownFileType = sourcecode.cpp.objcpp; name = PathUtils.mm; path = ../PathUtils.mm; sourceTree = "<group>"; };
		57EB54371640BC6900571C1A /* Sheep.cpp */ = {isa = PBXFileReference; fileEncoding = 4; lastKnownFileType = sourcecode.cpp.cpp; name = Sheep.cpp; path = ../Sheep.cpp; sourceTree = "<group>"; };
		57EB54381640BC6900571C1A /* Sheep.h */ = {isa = PBXFileReference; fileEncoding = 4; lastKnownFileType = sourcecode.c.h; name = Sheep.h; path = ../Sheep.h; sourceTree = "<group>"; };
		57EB543B1640C93900571C1A /* sheep_anim_graze1.obj */ = {isa = PBXFileReference; fileEncoding = 4; lastKnownFileType = text; name = sheep_anim_graze1.obj; path = ../resources/sheep_anim_graze1.obj; sourceTree = "<group>"; };
		57EB543C1640C93900571C1A /* sheep_anim_graze2.obj */ = {isa = PBXFileReference; fileEncoding = 4; lastKnownFileType = text; name = sheep_anim_graze2.obj; path = ../resources/sheep_anim_graze2.obj; sourceTree = "<group>"; };
		57EB543D1640C93900571C1A /* sheep_anim_graze3.obj */ = {isa = PBXFileReference; fileEncoding = 4; lastKnownFileType = text; name = sheep_anim_graze3.obj; path = ../resources/sheep_anim_graze3.obj; sourceTree = "<group>"; };
		57EB543E1640C93900571C1A /* sheep_anim_walk0.obj */ = {isa = PBXFileReference; fileEncoding = 4; lastKnownFileType = text; name = sheep_anim_walk0.obj; path = ../resources/sheep_anim_walk0.obj; sourceTree = "<group>"; };
		57EB543F1640C93900571C1A /* sheep_anim_walk1.obj */ = {isa = PBXFileReference; fileEncoding = 4; lastKnownFileType = text; name = sheep_anim_walk1.obj; path = ../resources/sheep_anim_walk1.obj; sourceTree = "<group>"; };
		57EB54401640C93900571C1A /* sheep_anim_walk2.obj */ = {isa = PBXFileReference; fileEncoding = 4; lastKnownFileType = text; name = sheep_anim_walk2.obj; path = ../resources/sheep_anim_walk2.obj; sourceTree = "<group>"; };
		57EB54411640C93900571C1A /* sheep_anim_walk3.obj */ = {isa = PBXFileReference; fileEncoding = 4; lastKnownFileType = text; name = sheep_anim_walk3.obj; path = ../resources/sheep_anim_walk3.obj; sourceTree = "<group>"; };
		57EB54491640CF0D00571C1A /* sheep_anim_graze0.obj */ = {isa = PBXFileReference; fileEncoding = 4; lastKnownFileType = text; name = sheep_anim_graze0.obj; path = ../resources/sheep_anim_graze0.obj; sourceTree = "<group>"; };
		57EB54531640D40600571C1A /* Land.cpp */ = {isa = PBXFileReference; fileEncoding = 4; lastKnownFileType = sourcecode.cpp.cpp; name = Land.cpp; path = ../Land.cpp; sourceTree = "<group>"; };
		57EB54541640D40600571C1A /* Land.h */ = {isa = PBXFileReference; fileEncoding = 4; lastKnownFileType = sourcecode.c.h; name = Land.h; path = ../Land.h; sourceTree = "<group>"; };
		57EB54591640D7FE00571C1A /* grass.png */ = {isa = PBXFileReference; lastKnownFileType = image.png; name = grass.png; path = ../resources/grass.png; sourceTree = "<group>"; };
		57F5BC081636D41700DF1161 /* electricSheep.app */ = {isa = PBXFileReference; explicitFileType = wrapper.application; includeInIndex = 0; path = electricSheep.app; sourceTree = BUILT_PRODUCTS_DIR; };
		57F5BC0C1636D41700DF1161 /* UIKit.framework */ = {isa = PBXFileReference; lastKnownFileType = wrapper.framework; name = UIKit.framework; path = System/Library/Frameworks/UIKit.framework; sourceTree = SDKROOT; };
		57F5BC0E1636D41700DF1161 /* Foundation.framework */ = {isa = PBXFileReference; lastKnownFileType = wrapper.framework; name = Foundation.framework; path = System/Library/Frameworks/Foundation.framework; sourceTree = SDKROOT; };
		57F5BC101636D41700DF1161 /* CoreGraphics.framework */ = {isa = PBXFileReference; lastKnownFileType = wrapper.framework; name = CoreGraphics.framework; path = System/Library/Frameworks/CoreGraphics.framework; sourceTree = SDKROOT; };
		57F5BC141636D41700DF1161 /* electricSheep-Info.plist */ = {isa = PBXFileReference; lastKnownFileType = text.plist.xml; path = "electricSheep-Info.plist"; sourceTree = "<group>"; };
		57F5BC161636D41700DF1161 /* en */ = {isa = PBXFileReference; lastKnownFileType = text.plist.strings; name = en; path = en.lproj/InfoPlist.strings; sourceTree = "<group>"; };
		57F5BC181636D41700DF1161 /* main.m */ = {isa = PBXFileReference; lastKnownFileType = sourcecode.c.objc; path = main.m; sourceTree = "<group>"; };
		57F5BC1A1636D41700DF1161 /* electricSheep-Prefix.pch */ = {isa = PBXFileReference; lastKnownFileType = sourcecode.c.h; path = "electricSheep-Prefix.pch"; sourceTree = "<group>"; };
		57F5BC1B1636D41700DF1161 /* AppDelegate.h */ = {isa = PBXFileReference; lastKnownFileType = sourcecode.c.h; path = AppDelegate.h; sourceTree = "<group>"; };
		57F5BC1C1636D41700DF1161 /* AppDelegate.m */ = {isa = PBXFileReference; lastKnownFileType = sourcecode.c.objc; path = AppDelegate.m; sourceTree = "<group>"; };
		57F5BC1E1636D41700DF1161 /* Default.png */ = {isa = PBXFileReference; lastKnownFileType = image.png; path = Default.png; sourceTree = "<group>"; };
		57F5BC201636D41700DF1161 /* Default@2x.png */ = {isa = PBXFileReference; lastKnownFileType = image.png; path = "Default@2x.png"; sourceTree = "<group>"; };
		57F5BC221636D41700DF1161 /* Default-568h@2x.png */ = {isa = PBXFileReference; lastKnownFileType = image.png; path = "Default-568h@2x.png"; sourceTree = "<group>"; };
		57F5BC251636D41700DF1161 /* en */ = {isa = PBXFileReference; lastKnownFileType = file.storyboard; name = en; path = en.lproj/MainStoryboard_iPhone.storyboard; sourceTree = "<group>"; };
		57F5BC281636D41700DF1161 /* en */ = {isa = PBXFileReference; lastKnownFileType = file.storyboard; name = en; path = en.lproj/MainStoryboard_iPad.storyboard; sourceTree = "<group>"; };
		57F5BC2A1636D41700DF1161 /* ViewController.h */ = {isa = PBXFileReference; lastKnownFileType = sourcecode.c.h; path = ViewController.h; sourceTree = "<group>"; };
		57F5BC2B1636D41700DF1161 /* ViewController.mm */ = {isa = PBXFileReference; lastKnownFileType = sourcecode.cpp.objcpp; path = ViewController.mm; sourceTree = "<group>"; };
		57F5BC391636D4EF00DF1161 /* electricSheep.cpp */ = {isa = PBXFileReference; fileEncoding = 4; lastKnownFileType = sourcecode.cpp.cpp; name = electricSheep.cpp; path = ../electricSheep.cpp; sourceTree = "<group>"; };
		57F5BC3A1636D4EF00DF1161 /* shaderUtilities.cpp */ = {isa = PBXFileReference; fileEncoding = 4; lastKnownFileType = sourcecode.cpp.cpp; name = shaderUtilities.cpp; path = ../shaderUtilities.cpp; sourceTree = "<group>"; };
		57F5BC3B1636D4EF00DF1161 /* shaderUtilities.h */ = {isa = PBXFileReference; fileEncoding = 4; lastKnownFileType = sourcecode.c.h; name = shaderUtilities.h; path = ../shaderUtilities.h; sourceTree = "<group>"; };
		57F5BC401636D50E00DF1161 /* fragment.glsl */ = {isa = PBXFileReference; fileEncoding = 4; lastKnownFileType = text; name = fragment.glsl; path = ../shaders/fragment.glsl; sourceTree = "<group>"; };
		57F5BC411636D50E00DF1161 /* vertex.glsl */ = {isa = PBXFileReference; fileEncoding = 4; lastKnownFileType = text; name = vertex.glsl; path = ../shaders/vertex.glsl; sourceTree = "<group>"; };
		57F5BC441636D5C100DF1161 /* OpenGLES.framework */ = {isa = PBXFileReference; lastKnownFileType = wrapper.framework; name = OpenGLES.framework; path = System/Library/Frameworks/OpenGLES.framework; sourceTree = SDKROOT; };
		57F5BC461636D5C600DF1161 /* QuartzCore.framework */ = {isa = PBXFileReference; lastKnownFileType = wrapper.framework; name = QuartzCore.framework; path = System/Library/Frameworks/QuartzCore.framework; sourceTree = SDKROOT; };
		57F5BC481636D60D00DF1161 /* OpenGLView.h */ = {isa = PBXFileReference; fileEncoding = 4; lastKnownFileType = sourcecode.c.h; path = OpenGLView.h; sourceTree = "<group>"; };
		57F5BC491636D60D00DF1161 /* OpenGLView.mm */ = {isa = PBXFileReference; fileEncoding = 4; lastKnownFileType = sourcecode.cpp.objcpp; path = OpenGLView.mm; sourceTree = "<group>"; };
		57F5BC641636FD4E00DF1161 /* electricSheep.h */ = {isa = PBXFileReference; fileEncoding = 4; lastKnownFileType = sourcecode.c.h; name = electricSheep.h; path = ../electricSheep.h; sourceTree = "<group>"; };
		57F5BC661636FE1A00DF1161 /* glm.hpp */ = {isa = PBXFileReference; fileEncoding = 4; lastKnownFileType = sourcecode.cpp.h; name = glm.hpp; path = ../glm/glm.hpp; sourceTree = "<group>"; };
/* End PBXFileReference section */

/* Begin PBXFrameworksBuildPhase section */
		57F5BC051636D41700DF1161 /* Frameworks */ = {
			isa = PBXFrameworksBuildPhase;
			buildActionMask = 2147483647;
			files = (
				57F5BC471636D5C600DF1161 /* QuartzCore.framework in Frameworks */,
				57F5BC451636D5C100DF1161 /* OpenGLES.framework in Frameworks */,
				57F5BC0D1636D41700DF1161 /* UIKit.framework in Frameworks */,
				57F5BC0F1636D41700DF1161 /* Foundation.framework in Frameworks */,
				57F5BC111636D41700DF1161 /* CoreGraphics.framework in Frameworks */,
			);
			runOnlyForDeploymentPostprocessing = 0;
		};
/* End PBXFrameworksBuildPhase section */

/* Begin PBXGroup section */
		57E6BF28163FFFFB008B0E7F /* models */ = {
			isa = PBXGroup;
			children = (
				57E6BF2916400025008B0E7F /* ObjModel.cpp */,
				57E6BF2A16400025008B0E7F /* ObjModel.h */,
				57EB54531640D40600571C1A /* Land.cpp */,
				57EB54541640D40600571C1A /* Land.h */,
			);
			name = models;
			sourceTree = "<group>";
		};
		57E6BF2D164001E6008B0E7F /* Resources */ = {
			isa = PBXGroup;
			children = (
				57F5BC3F1636D50300DF1161 /* shaders */,
				57E6BF3616400256008B0E7F /* sheep.obj */,
				57EB54491640CF0D00571C1A /* sheep_anim_graze0.obj */,
				57EB543B1640C93900571C1A /* sheep_anim_graze1.obj */,
				57EB543C1640C93900571C1A /* sheep_anim_graze2.obj */,
				57EB543D1640C93900571C1A /* sheep_anim_graze3.obj */,
				57EB543E1640C93900571C1A /* sheep_anim_walk0.obj */,
				57EB543F1640C93900571C1A /* sheep_anim_walk1.obj */,
				57EB54401640C93900571C1A /* sheep_anim_walk2.obj */,
				57EB54411640C93900571C1A /* sheep_anim_walk3.obj */,
				57EB54231640AC1000571C1A /* sheep.png */,
				57EB54591640D7FE00571C1A /* grass.png */,
			);
			name = Resources;
			sourceTree = "<group>";
		};
		57E6BF4E164042E5008B0E7F /* textures */ = {
			isa = PBXGroup;
			children = (
				57A23FB716404C6200FB1238 /* TexturesMap.h */,
				57A23FB816404C6200FB1238 /* TexturesMap.mm */,
				57A23FBB16404FF600FB1238 /* TexturesMap_C_Interface.h */,
			);
			name = textures;
			sourceTree = "<group>";
		};
		57F5BBFD1636D41700DF1161 = {
			isa = PBXGroup;
			children = (
				57F5BC381636D4DA00DF1161 /* engine */,
				57F5BC121636D41700DF1161 /* iOS */,
				57F5BC0B1636D41700DF1161 /* Frameworks */,
				57F5BC091636D41700DF1161 /* Products */,
				57E6BF2D164001E6008B0E7F /* Resources */,
			);
			sourceTree = "<group>";
		};
		57F5BC091636D41700DF1161 /* Products */ = {
			isa = PBXGroup;
			children = (
				57F5BC081636D41700DF1161 /* electricSheep.app */,
			);
			name = Products;
			sourceTree = "<group>";
		};
		57F5BC0B1636D41700DF1161 /* Frameworks */ = {
			isa = PBXGroup;
			children = (
				57F5BC461636D5C600DF1161 /* QuartzCore.framework */,
				57F5BC441636D5C100DF1161 /* OpenGLES.framework */,
				57F5BC0C1636D41700DF1161 /* UIKit.framework */,
				57F5BC0E1636D41700DF1161 /* Foundation.framework */,
				57F5BC101636D41700DF1161 /* CoreGraphics.framework */,
			);
			name = Frameworks;
			sourceTree = "<group>";
		};
		57F5BC121636D41700DF1161 /* iOS */ = {
			isa = PBXGroup;
			children = (
				57F5BC1B1636D41700DF1161 /* AppDelegate.h */,
				57F5BC1C1636D41700DF1161 /* AppDelegate.m */,
				57F5BC241636D41700DF1161 /* MainStoryboard_iPhone.storyboard */,
				57F5BC271636D41700DF1161 /* MainStoryboard_iPad.storyboard */,
				57F5BC2A1636D41700DF1161 /* ViewController.h */,
				57F5BC2B1636D41700DF1161 /* ViewController.mm */,
				57F5BC481636D60D00DF1161 /* OpenGLView.h */,
				57F5BC491636D60D00DF1161 /* OpenGLView.mm */,
				57F5BC131636D41700DF1161 /* Supporting Files */,
			);
			name = iOS;
			path = electricSheep;
			sourceTree = "<group>";
		};
		57F5BC131636D41700DF1161 /* Supporting Files */ = {
			isa = PBXGroup;
			children = (
				57F5BC141636D41700DF1161 /* electricSheep-Info.plist */,
				57F5BC151636D41700DF1161 /* InfoPlist.strings */,
				57F5BC181636D41700DF1161 /* main.m */,
				57F5BC1A1636D41700DF1161 /* electricSheep-Prefix.pch */,
				57F5BC1E1636D41700DF1161 /* Default.png */,
				57F5BC201636D41700DF1161 /* Default@2x.png */,
				57F5BC221636D41700DF1161 /* Default-568h@2x.png */,
			);
			name = "Supporting Files";
			sourceTree = "<group>";
		};
		57F5BC381636D4DA00DF1161 /* engine */ = {
			isa = PBXGroup;
			children = (
				57E6BF4E164042E5008B0E7F /* textures */,
				57E6BF28163FFFFB008B0E7F /* models */,
				57F5BC661636FE1A00DF1161 /* glm.hpp */,
				57F5BC641636FD4E00DF1161 /* electricSheep.h */,
				57F5BC391636D4EF00DF1161 /* electricSheep.cpp */,
				57F5BC3B1636D4EF00DF1161 /* shaderUtilities.h */,
				57F5BC3A1636D4EF00DF1161 /* shaderUtilities.cpp */,
				57E6BF24163FFCBB008B0E7F /* FileUtils.h */,
				57E6BF22163FFB28008B0E7F /* FileUtils.cpp */,
				57E6BF2C164000B3008B0E7F /* GLIncludes.h */,
				57EB542C1640B13800571C1A /* Path_C_Interface.h */,
				57EB542E1640B19400571C1A /* PathUtils.mm */,
				57EB54381640BC6900571C1A /* Sheep.h */,
				57EB54371640BC6900571C1A /* Sheep.cpp */,
			);
			name = engine;
			sourceTree = "<group>";
		};
		57F5BC3F1636D50300DF1161 /* shaders */ = {
			isa = PBXGroup;
			children = (
				57F5BC401636D50E00DF1161 /* fragment.glsl */,
				57F5BC411636D50E00DF1161 /* vertex.glsl */,
			);
			name = shaders;
			sourceTree = "<group>";
		};
/* End PBXGroup section */

/* Begin PBXNativeTarget section */
		57F5BC071636D41700DF1161 /* electricSheep */ = {
			isa = PBXNativeTarget;
			buildConfigurationList = 57F5BC2F1636D41700DF1161 /* Build configuration list for PBXNativeTarget "electricSheep" */;
			buildPhases = (
				57F5BC041636D41700DF1161 /* Sources */,
				57F5BC051636D41700DF1161 /* Frameworks */,
				57F5BC061636D41700DF1161 /* Resources */,
			);
			buildRules = (
			);
			dependencies = (
			);
			name = electricSheep;
			productName = electricSheep;
			productReference = 57F5BC081636D41700DF1161 /* electricSheep.app */;
			productType = "com.apple.product-type.application";
		};
/* End PBXNativeTarget section */

/* Begin PBXProject section */
		57F5BBFF1636D41700DF1161 /* Project object */ = {
			isa = PBXProject;
			attributes = {
				LastUpgradeCheck = 0450;
				ORGANIZATIONNAME = wackyCube;
			};
			buildConfigurationList = 57F5BC021636D41700DF1161 /* Build configuration list for PBXProject "electricSheep" */;
			compatibilityVersion = "Xcode 3.2";
			developmentRegion = English;
			hasScannedForEncodings = 0;
			knownRegions = (
				en,
			);
			mainGroup = 57F5BBFD1636D41700DF1161;
			productRefGroup = 57F5BC091636D41700DF1161 /* Products */;
			projectDirPath = "";
			projectRoot = "";
			targets = (
				57F5BC071636D41700DF1161 /* electricSheep */,
			);
		};
/* End PBXProject section */

/* Begin PBXResourcesBuildPhase section */
		57F5BC061636D41700DF1161 /* Resources */ = {
			isa = PBXResourcesBuildPhase;
			buildActionMask = 2147483647;
			files = (
				57F5BC171636D41700DF1161 /* InfoPlist.strings in Resources */,
				57F5BC1F1636D41700DF1161 /* Default.png in Resources */,
				57F5BC211636D41700DF1161 /* Default@2x.png in Resources */,
				57F5BC231636D41700DF1161 /* Default-568h@2x.png in Resources */,
				57F5BC261636D41700DF1161 /* MainStoryboard_iPhone.storyboard in Resources */,
				57F5BC291636D41700DF1161 /* MainStoryboard_iPad.storyboard in Resources */,
				57F5BC421636D50E00DF1161 /* fragment.glsl in Resources */,
				57F5BC431636D50E00DF1161 /* vertex.glsl in Resources */,
				57E6BF3716400256008B0E7F /* sheep.obj in Resources */,
				57EB54241640AC1000571C1A /* sheep.png in Resources */,
				57EB54421640C93900571C1A /* sheep_anim_graze1.obj in Resources */,
				57EB54431640C93900571C1A /* sheep_anim_graze2.obj in Resources */,
				57EB54441640C93900571C1A /* sheep_anim_graze3.obj in Resources */,
				57EB54451640C93900571C1A /* sheep_anim_walk0.obj in Resources */,
				57EB54461640C93900571C1A /* sheep_anim_walk1.obj in Resources */,
				57EB54471640C93900571C1A /* sheep_anim_walk2.obj in Resources */,
				57EB54481640C93900571C1A /* sheep_anim_walk3.obj in Resources */,
				57EB544A1640CF0D00571C1A /* sheep_anim_graze0.obj in Resources */,
				57EB545A1640D7FE00571C1A /* grass.png in Resources */,
			);
			runOnlyForDeploymentPostprocessing = 0;
		};
/* End PBXResourcesBuildPhase section */

/* Begin PBXSourcesBuildPhase section */
		57F5BC041636D41700DF1161 /* Sources */ = {
			isa = PBXSourcesBuildPhase;
			buildActionMask = 2147483647;
			files = (
				57F5BC651636FD8300DF1161 /* electricSheep.cpp in Sources */,
				57F5BC531636E4B100DF1161 /* shaderUtilities.cpp in Sources */,
				57F5BC191636D41700DF1161 /* main.m in Sources */,
				57F5BC1D1636D41700DF1161 /* AppDelegate.m in Sources */,
				57F5BC2C1636D41700DF1161 /* ViewController.mm in Sources */,
				57F5BC4A1636D60D00DF1161 /* OpenGLView.mm in Sources */,
				57E6BF23163FFB28008B0E7F /* FileUtils.cpp in Sources */,
				57E6BF2B16400025008B0E7F /* ObjModel.cpp in Sources */,
				57A23FB916404C6200FB1238 /* TexturesMap.mm in Sources */,
				57EB542F1640B19400571C1A /* PathUtils.mm in Sources */,
				57EB54391640BC6900571C1A /* Sheep.cpp in Sources */,
				57EB54551640D40600571C1A /* Land.cpp in Sources */,
			);
			runOnlyForDeploymentPostprocessing = 0;
		};
/* End PBXSourcesBuildPhase section */

/* Begin PBXVariantGroup section */
		57F5BC151636D41700DF1161 /* InfoPlist.strings */ = {
			isa = PBXVariantGroup;
			children = (
				57F5BC161636D41700DF1161 /* en */,
			);
			name = InfoPlist.strings;
			sourceTree = "<group>";
		};
		57F5BC241636D41700DF1161 /* MainStoryboard_iPhone.storyboard */ = {
			isa = PBXVariantGroup;
			children = (
				57F5BC251636D41700DF1161 /* en */,
			);
			name = MainStoryboard_iPhone.storyboard;
			sourceTree = "<group>";
		};
		57F5BC271636D41700DF1161 /* MainStoryboard_iPad.storyboard */ = {
			isa = PBXVariantGroup;
			children = (
				57F5BC281636D41700DF1161 /* en */,
			);
			name = MainStoryboard_iPad.storyboard;
			sourceTree = "<group>";
		};
/* End PBXVariantGroup section */

/* Begin XCBuildConfiguration section */
		57F5BC2D1636D41700DF1161 /* Debug */ = {
			isa = XCBuildConfiguration;
			buildSettings = {
				ALWAYS_SEARCH_USER_PATHS = NO;
				CLANG_CXX_LANGUAGE_STANDARD = "gnu++0x";
				CLANG_CXX_LIBRARY = "libc++";
				CLANG_ENABLE_OBJC_ARC = YES;
				CLANG_WARN_EMPTY_BODY = YES;
				CLANG_WARN__DUPLICATE_METHOD_MATCH = YES;
				"CODE_SIGN_IDENTITY[sdk=iphoneos*]" = "iPhone Developer";
				COPY_PHASE_STRIP = NO;
				GCC_C_LANGUAGE_STANDARD = gnu99;
				GCC_DYNAMIC_NO_PIC = NO;
				GCC_OPTIMIZATION_LEVEL = 0;
				GCC_PREPROCESSOR_DEFINITIONS = (
					"DEBUG=1",
					"$(inherited)",
				);
				GCC_SYMBOLS_PRIVATE_EXTERN = NO;
				GCC_WARN_ABOUT_RETURN_TYPE = YES;
				GCC_WARN_UNINITIALIZED_AUTOS = YES;
				GCC_WARN_UNUSED_VARIABLE = YES;
				IPHONEOS_DEPLOYMENT_TARGET = 6.0;
				SDKROOT = iphoneos;
				TARGETED_DEVICE_FAMILY = "1,2";
			};
			name = Debug;
		};
		57F5BC2E1636D41700DF1161 /* Release */ = {
			isa = XCBuildConfiguration;
			buildSettings = {
				ALWAYS_SEARCH_USER_PATHS = NO;
				CLANG_CXX_LANGUAGE_STANDARD = "gnu++0x";
				CLANG_CXX_LIBRARY = "libc++";
				CLANG_ENABLE_OBJC_ARC = YES;
				CLANG_WARN_EMPTY_BODY = YES;
				CLANG_WARN__DUPLICATE_METHOD_MATCH = YES;
				"CODE_SIGN_IDENTITY[sdk=iphoneos*]" = "iPhone Developer";
				COPY_PHASE_STRIP = YES;
				GCC_C_LANGUAGE_STANDARD = gnu99;
				GCC_WARN_ABOUT_RETURN_TYPE = YES;
				GCC_WARN_UNINITIALIZED_AUTOS = YES;
				GCC_WARN_UNUSED_VARIABLE = YES;
				IPHONEOS_DEPLOYMENT_TARGET = 6.0;
				OTHER_CFLAGS = "-DNS_BLOCK_ASSERTIONS=1";
				SDKROOT = iphoneos;
				TARGETED_DEVICE_FAMILY = "1,2";
				VALIDATE_PRODUCT = YES;
			};
			name = Release;
		};
		57F5BC301636D41700DF1161 /* Debug */ = {
			isa = XCBuildConfiguration;
			buildSettings = {
				GCC_PRECOMPILE_PREFIX_HEADER = YES;
				GCC_PREFIX_HEADER = "electricSheep/electricSheep-Prefix.pch";
				INFOPLIST_FILE = "electricSheep/electricSheep-Info.plist";
				PRODUCT_NAME = "$(TARGET_NAME)";
				WRAPPER_EXTENSION = app;
			};
			name = Debug;
		};
		57F5BC311636D41700DF1161 /* Release */ = {
			isa = XCBuildConfiguration;
			buildSettings = {
				GCC_PRECOMPILE_PREFIX_HEADER = YES;
				GCC_PREFIX_HEADER = "electricSheep/electricSheep-Prefix.pch";
				INFOPLIST_FILE = "electricSheep/electricSheep-Info.plist";
				PRODUCT_NAME = "$(TARGET_NAME)";
				WRAPPER_EXTENSION = app;
			};
			name = Release;
		};
/* End XCBuildConfiguration section */

/* Begin XCConfigurationList section */
		57F5BC021636D41700DF1161 /* Build configuration list for PBXProject "electricSheep" */ = {
			isa = XCConfigurationList;
			buildConfigurations = (
				57F5BC2D1636D41700DF1161 /* Debug */,
				57F5BC2E1636D41700DF1161 /* Release */,
			);
			defaultConfigurationIsVisible = 0;
			defaultConfigurationName = Release;
		};
		57F5BC2F1636D41700DF1161 /* Build configuration list for PBXNativeTarget "electricSheep" */ = {
			isa = XCConfigurationList;
			buildConfigurations = (
				57F5BC301636D41700DF1161 /* Debug */,
				57F5BC311636D41700DF1161 /* Release */,
			);
			defaultConfigurationIsVisible = 0;
			defaultConfigurationName = Release;
		};
/* End XCConfigurationList section */
	};
	rootObject = 57F5BBFF1636D41700DF1161 /* Project object */;
}
