// !$*UTF8*$!
{
	archiveVersion = 1;
	classes = {
	};
	objectVersion = 46;
	objects = {

/* Begin PBXBuildFile section */
		5747F06416821BCC0021FA1D /* main.cpp in Sources */ = {isa = PBXBuildFile; fileRef = 5747F06316821BCC0021FA1D /* main.cpp */; };
		5747F06616821BCC0021FA1D /* MacOSPort.1 in CopyFiles */ = {isa = PBXBuildFile; fileRef = 5747F06516821BCC0021FA1D /* MacOSPort.1 */; };
/* End PBXBuildFile section */

/* Begin PBXCopyFilesBuildPhase section */
		5747F05D16821BCC0021FA1D /* CopyFiles */ = {
			isa = PBXCopyFilesBuildPhase;
			buildActionMask = 2147483647;
			dstPath = /usr/share/man/man1/;
			dstSubfolderSpec = 0;
			files = (
				5747F06616821BCC0021FA1D /* MacOSPort.1 in CopyFiles */,
			);
			runOnlyForDeploymentPostprocessing = 1;
		};
/* End PBXCopyFilesBuildPhase section */

/* Begin PBXFileReference section */
		5747F05F16821BCC0021FA1D /* MacOSPort */ = {isa = PBXFileReference; explicitFileType = "compiled.mach-o.executable"; includeInIndex = 0; path = MacOSPort; sourceTree = BUILT_PRODUCTS_DIR; };
		5747F06316821BCC0021FA1D /* main.cpp */ = {isa = PBXFileReference; lastKnownFileType = sourcecode.cpp.cpp; path = main.cpp; sourceTree = "<group>"; };
		5747F06516821BCC0021FA1D /* MacOSPort.1 */ = {isa = PBXFileReference; lastKnownFileType = text.man; path = MacOSPort.1; sourceTree = "<group>"; };
		5747F07A16821DBE0021FA1D /* fragment.glsl */ = {isa = PBXFileReference; fileEncoding = 4; lastKnownFileType = text; path = fragment.glsl; sourceTree = "<group>"; };
		5747F07B16821DBE0021FA1D /* vertex.glsl */ = {isa = PBXFileReference; fileEncoding = 4; lastKnownFileType = text; path = vertex.glsl; sourceTree = "<group>"; };
		5747F07E16821DD70021FA1D /* grass.png */ = {isa = PBXFileReference; lastKnownFileType = image.png; path = grass.png; sourceTree = "<group>"; };
		5747F07F16821DD70021FA1D /* sheep.obj */ = {isa = PBXFileReference; fileEncoding = 4; lastKnownFileType = text; path = sheep.obj; sourceTree = "<group>"; };
		5747F08016821DD70021FA1D /* sheep.png */ = {isa = PBXFileReference; lastKnownFileType = image.png; path = sheep.png; sourceTree = "<group>"; };
		5747F08116821DD70021FA1D /* sheep_anim_graze0.obj */ = {isa = PBXFileReference; fileEncoding = 4; lastKnownFileType = text; path = sheep_anim_graze0.obj; sourceTree = "<group>"; };
		5747F08216821DD70021FA1D /* sheep_anim_graze1.obj */ = {isa = PBXFileReference; fileEncoding = 4; lastKnownFileType = text; path = sheep_anim_graze1.obj; sourceTree = "<group>"; };
		5747F08316821DD70021FA1D /* sheep_anim_graze2.obj */ = {isa = PBXFileReference; fileEncoding = 4; lastKnownFileType = text; path = sheep_anim_graze2.obj; sourceTree = "<group>"; };
		5747F08416821DD70021FA1D /* sheep_anim_graze3.obj */ = {isa = PBXFileReference; fileEncoding = 4; lastKnownFileType = text; path = sheep_anim_graze3.obj; sourceTree = "<group>"; };
		5747F08516821DD70021FA1D /* sheep_anim_walk0.obj */ = {isa = PBXFileReference; fileEncoding = 4; lastKnownFileType = text; path = sheep_anim_walk0.obj; sourceTree = "<group>"; };
		5747F08616821DD70021FA1D /* sheep_anim_walk1.obj */ = {isa = PBXFileReference; fileEncoding = 4; lastKnownFileType = text; path = sheep_anim_walk1.obj; sourceTree = "<group>"; };
		5747F08716821DD70021FA1D /* sheep_anim_walk2.obj */ = {isa = PBXFileReference; fileEncoding = 4; lastKnownFileType = text; path = sheep_anim_walk2.obj; sourceTree = "<group>"; };
		5747F08816821DD70021FA1D /* sheep_anim_walk3.obj */ = {isa = PBXFileReference; fileEncoding = 4; lastKnownFileType = text; path = sheep_anim_walk3.obj; sourceTree = "<group>"; };
/* End PBXFileReference section */

/* Begin PBXFrameworksBuildPhase section */
		5747F05C16821BCC0021FA1D /* Frameworks */ = {
			isa = PBXFrameworksBuildPhase;
			buildActionMask = 2147483647;
			files = (
			);
			runOnlyForDeploymentPostprocessing = 0;
		};
/* End PBXFrameworksBuildPhase section */

/* Begin PBXGroup section */
		5747F05416821BCC0021FA1D = {
			isa = PBXGroup;
			children = (
				5747F07D16821DD70021FA1D /* resources */,
				5747F07916821DBE0021FA1D /* shaders */,
				5747F06216821BCC0021FA1D /* MacOSPort */,
				5747F06016821BCC0021FA1D /* Products */,
			);
			sourceTree = "<group>";
		};
		5747F06016821BCC0021FA1D /* Products */ = {
			isa = PBXGroup;
			children = (
				5747F05F16821BCC0021FA1D /* MacOSPort */,
			);
			name = Products;
			sourceTree = "<group>";
		};
		5747F06216821BCC0021FA1D /* MacOSPort */ = {
			isa = PBXGroup;
			children = (
				5747F06316821BCC0021FA1D /* main.cpp */,
				5747F06516821BCC0021FA1D /* MacOSPort.1 */,
			);
			path = MacOSPort;
			sourceTree = "<group>";
		};
		5747F07916821DBE0021FA1D /* shaders */ = {
			isa = PBXGroup;
			children = (
				5747F07A16821DBE0021FA1D /* fragment.glsl */,
				5747F07B16821DBE0021FA1D /* vertex.glsl */,
			);
			name = shaders;
			path = ../shaders;
			sourceTree = "<group>";
		};
		5747F07D16821DD70021FA1D /* resources */ = {
			isa = PBXGroup;
			children = (
				5747F07E16821DD70021FA1D /* grass.png */,
				5747F07F16821DD70021FA1D /* sheep.obj */,
				5747F08016821DD70021FA1D /* sheep.png */,
				5747F08116821DD70021FA1D /* sheep_anim_graze0.obj */,
				5747F08216821DD70021FA1D /* sheep_anim_graze1.obj */,
				5747F08316821DD70021FA1D /* sheep_anim_graze2.obj */,
				5747F08416821DD70021FA1D /* sheep_anim_graze3.obj */,
				5747F08516821DD70021FA1D /* sheep_anim_walk0.obj */,
				5747F08616821DD70021FA1D /* sheep_anim_walk1.obj */,
				5747F08716821DD70021FA1D /* sheep_anim_walk2.obj */,
				5747F08816821DD70021FA1D /* sheep_anim_walk3.obj */,
			);
			name = resources;
			path = ../resources;
			sourceTree = "<group>";
		};
/* End PBXGroup section */

/* Begin PBXNativeTarget section */
		5747F05E16821BCC0021FA1D /* MacOSPort */ = {
			isa = PBXNativeTarget;
			buildConfigurationList = 5747F06916821BCC0021FA1D /* Build configuration list for PBXNativeTarget "MacOSPort" */;
			buildPhases = (
				5747F05B16821BCC0021FA1D /* Sources */,
				5747F05C16821BCC0021FA1D /* Frameworks */,
				5747F05D16821BCC0021FA1D /* CopyFiles */,
			);
			buildRules = (
			);
			dependencies = (
			);
			name = MacOSPort;
			productName = MacOSPort;
			productReference = 5747F05F16821BCC0021FA1D /* MacOSPort */;
			productType = "com.apple.product-type.tool";
		};
/* End PBXNativeTarget section */

/* Begin PBXProject section */
		5747F05616821BCC0021FA1D /* Project object */ = {
			isa = PBXProject;
			attributes = {
				LastUpgradeCheck = 0450;
				ORGANIZATIONNAME = wackyCube;
			};
			buildConfigurationList = 5747F05916821BCC0021FA1D /* Build configuration list for PBXProject "MacOSPort" */;
			compatibilityVersion = "Xcode 3.2";
			developmentRegion = English;
			hasScannedForEncodings = 0;
			knownRegions = (
				en,
			);
			mainGroup = 5747F05416821BCC0021FA1D;
			productRefGroup = 5747F06016821BCC0021FA1D /* Products */;
			projectDirPath = "";
			projectRoot = "";
			targets = (
				5747F05E16821BCC0021FA1D /* MacOSPort */,
			);
		};
/* End PBXProject section */

/* Begin PBXSourcesBuildPhase section */
		5747F05B16821BCC0021FA1D /* Sources */ = {
			isa = PBXSourcesBuildPhase;
			buildActionMask = 2147483647;
			files = (
				5747F06416821BCC0021FA1D /* main.cpp in Sources */,
			);
			runOnlyForDeploymentPostprocessing = 0;
		};
/* End PBXSourcesBuildPhase section */

/* Begin XCBuildConfiguration section */
		5747F06716821BCC0021FA1D /* Debug */ = {
			isa = XCBuildConfiguration;
			buildSettings = {
				ALWAYS_SEARCH_USER_PATHS = NO;
				ARCHS = "$(ARCHS_STANDARD_64_BIT)";
				CLANG_CXX_LANGUAGE_STANDARD = "gnu++0x";
				CLANG_CXX_LIBRARY = "libc++";
				CLANG_ENABLE_OBJC_ARC = YES;
				CLANG_WARN_EMPTY_BODY = YES;
				CLANG_WARN__DUPLICATE_METHOD_MATCH = YES;
				COPY_PHASE_STRIP = NO;
				GCC_C_LANGUAGE_STANDARD = gnu99;
				GCC_DYNAMIC_NO_PIC = NO;
				GCC_ENABLE_OBJC_EXCEPTIONS = YES;
				GCC_OPTIMIZATION_LEVEL = 0;
				GCC_PREPROCESSOR_DEFINITIONS = (
					"DEBUG=1",
					"$(inherited)",
				);
				GCC_SYMBOLS_PRIVATE_EXTERN = NO;
				GCC_WARN_64_TO_32_BIT_CONVERSION = YES;
				GCC_WARN_ABOUT_RETURN_TYPE = YES;
				GCC_WARN_UNINITIALIZED_AUTOS = YES;
				GCC_WARN_UNUSED_VARIABLE = YES;
				MACOSX_DEPLOYMENT_TARGET = 10.7;
				ONLY_ACTIVE_ARCH = YES;
				SDKROOT = macosx;
			};
			name = Debug;
		};
		5747F06816821BCC0021FA1D /* Release */ = {
			isa = XCBuildConfiguration;
			buildSettings = {
				ALWAYS_SEARCH_USER_PATHS = NO;
				ARCHS = "$(ARCHS_STANDARD_64_BIT)";
				CLANG_CXX_LANGUAGE_STANDARD = "gnu++0x";
				CLANG_CXX_LIBRARY = "libc++";
				CLANG_ENABLE_OBJC_ARC = YES;
				CLANG_WARN_EMPTY_BODY = YES;
				CLANG_WARN__DUPLICATE_METHOD_MATCH = YES;
				COPY_PHASE_STRIP = YES;
				DEBUG_INFORMATION_FORMAT = "dwarf-with-dsym";
				GCC_C_LANGUAGE_STANDARD = gnu99;
				GCC_ENABLE_OBJC_EXCEPTIONS = YES;
				GCC_WARN_64_TO_32_BIT_CONVERSION = YES;
				GCC_WARN_ABOUT_RETURN_TYPE = YES;
				GCC_WARN_UNINITIALIZED_AUTOS = YES;
				GCC_WARN_UNUSED_VARIABLE = YES;
				MACOSX_DEPLOYMENT_TARGET = 10.7;
				SDKROOT = macosx;
			};
			name = Release;
		};
		5747F06A16821BCC0021FA1D /* Debug */ = {
			isa = XCBuildConfiguration;
			buildSettings = {
				PRODUCT_NAME = "$(TARGET_NAME)";
			};
			name = Debug;
		};
		5747F06B16821BCC0021FA1D /* Release */ = {
			isa = XCBuildConfiguration;
			buildSettings = {
				PRODUCT_NAME = "$(TARGET_NAME)";
			};
			name = Release;
		};
/* End XCBuildConfiguration section */

/* Begin XCConfigurationList section */
		5747F05916821BCC0021FA1D /* Build configuration list for PBXProject "MacOSPort" */ = {
			isa = XCConfigurationList;
			buildConfigurations = (
				5747F06716821BCC0021FA1D /* Debug */,
				5747F06816821BCC0021FA1D /* Release */,
			);
			defaultConfigurationIsVisible = 0;
			defaultConfigurationName = Release;
		};
		5747F06916821BCC0021FA1D /* Build configuration list for PBXNativeTarget "MacOSPort" */ = {
			isa = XCConfigurationList;
			buildConfigurations = (
				5747F06A16821BCC0021FA1D /* Debug */,
				5747F06B16821BCC0021FA1D /* Release */,
			);
			defaultConfigurationIsVisible = 0;
			defaultConfigurationName = Release;
		};
/* End XCConfigurationList section */
	};
	rootObject = 5747F05616821BCC0021FA1D /* Project object */;
}
