// !$*UTF8*$!
{
	archiveVersion = 1;
	classes = {
	};
	objectVersion = 46;
	objects = {

/* Begin PBXBuildFile section */
		571A044515C03D2900DF0C5A /* shaderUtilities.cpp in Sources */ = {isa = PBXBuildFile; fileRef = 571A044415C03D2900DF0C5A /* shaderUtilities.cpp */; };
		574F1C6B15B73B8C00547B13 /* OpenGL.framework in Frameworks */ = {isa = PBXBuildFile; fileRef = 574F1C6A15B73B8C00547B13 /* OpenGL.framework */; };
		574F1C6D15B73B9400547B13 /* GLUT.framework in Frameworks */ = {isa = PBXBuildFile; fileRef = 574F1C6C15B73B9400547B13 /* GLUT.framework */; };
		5790252115C7357E0032AA32 /* fragment.glsl in CopyFiles */ = {isa = PBXBuildFile; fileRef = 5790251F15C735710032AA32 /* fragment.glsl */; };
		5790252215C7357E0032AA32 /* vertex.glsl in CopyFiles */ = {isa = PBXBuildFile; fileRef = 5790252015C735710032AA32 /* vertex.glsl */; };
		57B6078915B73DDB00E691B8 /* electricsheep.cpp in Sources */ = {isa = PBXBuildFile; fileRef = 57B6078815B73DDB00E691B8 /* electricsheep.cpp */; };
/* End PBXBuildFile section */

/* Begin PBXCopyFilesBuildPhase section */
		574F1C5B15B73B3300547B13 /* CopyFiles */ = {
			isa = PBXCopyFilesBuildPhase;
			buildActionMask = 12;
			dstPath = shaders;
			dstSubfolderSpec = 16;
			files = (
				5790252115C7357E0032AA32 /* fragment.glsl in CopyFiles */,
				5790252215C7357E0032AA32 /* vertex.glsl in CopyFiles */,
			);
			runOnlyForDeploymentPostprocessing = 0;
		};
/* End PBXCopyFilesBuildPhase section */

/* Begin PBXFileReference section */
		571A044215C03C8300DF0C5A /* shaderUtilities.h */ = {isa = PBXFileReference; fileEncoding = 4; lastKnownFileType = sourcecode.c.h; path = shaderUtilities.h; sourceTree = "<group>"; };
		571A044415C03D2900DF0C5A /* shaderUtilities.cpp */ = {isa = PBXFileReference; fileEncoding = 4; lastKnownFileType = sourcecode.cpp.cpp; path = shaderUtilities.cpp; sourceTree = "<group>"; };
		574F1C5D15B73B3300547B13 /* electricsheep */ = {isa = PBXFileReference; explicitFileType = "compiled.mach-o.executable"; includeInIndex = 0; path = electricsheep; sourceTree = BUILT_PRODUCTS_DIR; };
		574F1C6A15B73B8C00547B13 /* OpenGL.framework */ = {isa = PBXFileReference; lastKnownFileType = wrapper.framework; name = OpenGL.framework; path = System/Library/Frameworks/OpenGL.framework; sourceTree = SDKROOT; };
		574F1C6C15B73B9400547B13 /* GLUT.framework */ = {isa = PBXFileReference; lastKnownFileType = wrapper.framework; name = GLUT.framework; path = System/Library/Frameworks/GLUT.framework; sourceTree = SDKROOT; };
		5790243B15C72B7E0032AA32 /* _detail.hpp */ = {isa = PBXFileReference; fileEncoding = 4; lastKnownFileType = sourcecode.cpp.h; path = _detail.hpp; sourceTree = "<group>"; };
		5790243C15C72B7E0032AA32 /* _fixes.hpp */ = {isa = PBXFileReference; fileEncoding = 4; lastKnownFileType = sourcecode.cpp.h; path = _fixes.hpp; sourceTree = "<group>"; };
		5790243D15C72B7E0032AA32 /* _swizzle.hpp */ = {isa = PBXFileReference; fileEncoding = 4; lastKnownFileType = sourcecode.cpp.h; path = _swizzle.hpp; sourceTree = "<group>"; };
		5790243E15C72B7E0032AA32 /* _swizzle_func.hpp */ = {isa = PBXFileReference; fileEncoding = 4; lastKnownFileType = sourcecode.cpp.h; path = _swizzle_func.hpp; sourceTree = "<group>"; };
		5790243F15C72B7E0032AA32 /* _vectorize.hpp */ = {isa = PBXFileReference; fileEncoding = 4; lastKnownFileType = sourcecode.cpp.h; path = _vectorize.hpp; sourceTree = "<group>"; };
		5790244115C72B7E0032AA32 /* func_common.hpp */ = {isa = PBXFileReference; fileEncoding = 4; lastKnownFileType = sourcecode.cpp.h; path = func_common.hpp; sourceTree = "<group>"; };
		5790244215C72B7E0032AA32 /* func_common.inl */ = {isa = PBXFileReference; fileEncoding = 4; lastKnownFileType = text; path = func_common.inl; sourceTree = "<group>"; };
		5790244315C72B7E0032AA32 /* func_exponential.hpp */ = {isa = PBXFileReference; fileEncoding = 4; lastKnownFileType = sourcecode.cpp.h; path = func_exponential.hpp; sourceTree = "<group>"; };
		5790244415C72B7E0032AA32 /* func_exponential.inl */ = {isa = PBXFileReference; fileEncoding = 4; lastKnownFileType = text; path = func_exponential.inl; sourceTree = "<group>"; };
		5790244515C72B7E0032AA32 /* func_geometric.hpp */ = {isa = PBXFileReference; fileEncoding = 4; lastKnownFileType = sourcecode.cpp.h; path = func_geometric.hpp; sourceTree = "<group>"; };
		5790244615C72B7E0032AA32 /* func_geometric.inl */ = {isa = PBXFileReference; fileEncoding = 4; lastKnownFileType = text; path = func_geometric.inl; sourceTree = "<group>"; };
		5790244715C72B7E0032AA32 /* func_integer.hpp */ = {isa = PBXFileReference; fileEncoding = 4; lastKnownFileType = sourcecode.cpp.h; path = func_integer.hpp; sourceTree = "<group>"; };
		5790244815C72B7E0032AA32 /* func_integer.inl */ = {isa = PBXFileReference; fileEncoding = 4; lastKnownFileType = text; path = func_integer.inl; sourceTree = "<group>"; };
		5790244915C72B7E0032AA32 /* func_matrix.hpp */ = {isa = PBXFileReference; fileEncoding = 4; lastKnownFileType = sourcecode.cpp.h; path = func_matrix.hpp; sourceTree = "<group>"; };
		5790244A15C72B7E0032AA32 /* func_matrix.inl */ = {isa = PBXFileReference; fileEncoding = 4; lastKnownFileType = text; path = func_matrix.inl; sourceTree = "<group>"; };
		5790244B15C72B7E0032AA32 /* func_noise.hpp */ = {isa = PBXFileReference; fileEncoding = 4; lastKnownFileType = sourcecode.cpp.h; path = func_noise.hpp; sourceTree = "<group>"; };
		5790244C15C72B7E0032AA32 /* func_noise.inl */ = {isa = PBXFileReference; fileEncoding = 4; lastKnownFileType = text; path = func_noise.inl; sourceTree = "<group>"; };
		5790244D15C72B7E0032AA32 /* func_packing.hpp */ = {isa = PBXFileReference; fileEncoding = 4; lastKnownFileType = sourcecode.cpp.h; path = func_packing.hpp; sourceTree = "<group>"; };
		5790244E15C72B7E0032AA32 /* func_packing.inl */ = {isa = PBXFileReference; fileEncoding = 4; lastKnownFileType = text; path = func_packing.inl; sourceTree = "<group>"; };
		5790244F15C72B7E0032AA32 /* func_trigonometric.hpp */ = {isa = PBXFileReference; fileEncoding = 4; lastKnownFileType = sourcecode.cpp.h; path = func_trigonometric.hpp; sourceTree = "<group>"; };
		5790245015C72B7E0032AA32 /* func_trigonometric.inl */ = {isa = PBXFileReference; fileEncoding = 4; lastKnownFileType = text; path = func_trigonometric.inl; sourceTree = "<group>"; };
		5790245115C72B7E0032AA32 /* func_vector_relational.hpp */ = {isa = PBXFileReference; fileEncoding = 4; lastKnownFileType = sourcecode.cpp.h; path = func_vector_relational.hpp; sourceTree = "<group>"; };
		5790245215C72B7E0032AA32 /* func_vector_relational.inl */ = {isa = PBXFileReference; fileEncoding = 4; lastKnownFileType = text; path = func_vector_relational.inl; sourceTree = "<group>"; };
		5790245315C72B7E0032AA32 /* hint.hpp */ = {isa = PBXFileReference; fileEncoding = 4; lastKnownFileType = sourcecode.cpp.h; path = hint.hpp; sourceTree = "<group>"; };
		5790245415C72B7E0032AA32 /* intrinsic_common.hpp */ = {isa = PBXFileReference; fileEncoding = 4; lastKnownFileType = sourcecode.cpp.h; path = intrinsic_common.hpp; sourceTree = "<group>"; };
		5790245515C72B7E0032AA32 /* intrinsic_common.inl */ = {isa = PBXFileReference; fileEncoding = 4; lastKnownFileType = text; path = intrinsic_common.inl; sourceTree = "<group>"; };
		5790245615C72B7E0032AA32 /* intrinsic_exponential.hpp */ = {isa = PBXFileReference; fileEncoding = 4; lastKnownFileType = sourcecode.cpp.h; path = intrinsic_exponential.hpp; sourceTree = "<group>"; };
		5790245715C72B7E0032AA32 /* intrinsic_exponential.inl */ = {isa = PBXFileReference; fileEncoding = 4; lastKnownFileType = text; path = intrinsic_exponential.inl; sourceTree = "<group>"; };
		5790245815C72B7E0032AA32 /* intrinsic_geometric.hpp */ = {isa = PBXFileReference; fileEncoding = 4; lastKnownFileType = sourcecode.cpp.h; path = intrinsic_geometric.hpp; sourceTree = "<group>"; };
		5790245915C72B7E0032AA32 /* intrinsic_geometric.inl */ = {isa = PBXFileReference; fileEncoding = 4; lastKnownFileType = text; path = intrinsic_geometric.inl; sourceTree = "<group>"; };
		5790245A15C72B7E0032AA32 /* intrinsic_matrix.hpp */ = {isa = PBXFileReference; fileEncoding = 4; lastKnownFileType = sourcecode.cpp.h; path = intrinsic_matrix.hpp; sourceTree = "<group>"; };
		5790245B15C72B7E0032AA32 /* intrinsic_matrix.inl */ = {isa = PBXFileReference; fileEncoding = 4; lastKnownFileType = text; path = intrinsic_matrix.inl; sourceTree = "<group>"; };
		5790245C15C72B7E0032AA32 /* intrinsic_trigonometric.hpp */ = {isa = PBXFileReference; fileEncoding = 4; lastKnownFileType = sourcecode.cpp.h; path = intrinsic_trigonometric.hpp; sourceTree = "<group>"; };
		5790245D15C72B7E0032AA32 /* intrinsic_trigonometric.inl */ = {isa = PBXFileReference; fileEncoding = 4; lastKnownFileType = text; path = intrinsic_trigonometric.inl; sourceTree = "<group>"; };
		5790245E15C72B7E0032AA32 /* intrinsic_vector_relational.hpp */ = {isa = PBXFileReference; fileEncoding = 4; lastKnownFileType = sourcecode.cpp.h; path = intrinsic_vector_relational.hpp; sourceTree = "<group>"; };
		5790245F15C72B7E0032AA32 /* intrinsic_vector_relational.inl */ = {isa = PBXFileReference; fileEncoding = 4; lastKnownFileType = text; path = intrinsic_vector_relational.inl; sourceTree = "<group>"; };
		5790246015C72B7E0032AA32 /* setup.hpp */ = {isa = PBXFileReference; fileEncoding = 4; lastKnownFileType = sourcecode.cpp.h; path = setup.hpp; sourceTree = "<group>"; };
		5790246115C72B7E0032AA32 /* type.hpp */ = {isa = PBXFileReference; fileEncoding = 4; lastKnownFileType = sourcecode.cpp.h; path = type.hpp; sourceTree = "<group>"; };
		5790246215C72B7E0032AA32 /* type_float.hpp */ = {isa = PBXFileReference; fileEncoding = 4; lastKnownFileType = sourcecode.cpp.h; path = type_float.hpp; sourceTree = "<group>"; };
		5790246315C72B7E0032AA32 /* type_gentype.hpp */ = {isa = PBXFileReference; fileEncoding = 4; lastKnownFileType = sourcecode.cpp.h; path = type_gentype.hpp; sourceTree = "<group>"; };
		5790246415C72B7E0032AA32 /* type_gentype.inl */ = {isa = PBXFileReference; fileEncoding = 4; lastKnownFileType = text; path = type_gentype.inl; sourceTree = "<group>"; };
		5790246515C72B7E0032AA32 /* type_half.hpp */ = {isa = PBXFileReference; fileEncoding = 4; lastKnownFileType = sourcecode.cpp.h; path = type_half.hpp; sourceTree = "<group>"; };
		5790246615C72B7E0032AA32 /* type_half.inl */ = {isa = PBXFileReference; fileEncoding = 4; lastKnownFileType = text; path = type_half.inl; sourceTree = "<group>"; };
		5790246715C72B7E0032AA32 /* type_int.hpp */ = {isa = PBXFileReference; fileEncoding = 4; lastKnownFileType = sourcecode.cpp.h; path = type_int.hpp; sourceTree = "<group>"; };
		5790246815C72B7E0032AA32 /* type_mat.hpp */ = {isa = PBXFileReference; fileEncoding = 4; lastKnownFileType = sourcecode.cpp.h; path = type_mat.hpp; sourceTree = "<group>"; };
		5790246915C72B7E0032AA32 /* type_mat.inl */ = {isa = PBXFileReference; fileEncoding = 4; lastKnownFileType = text; path = type_mat.inl; sourceTree = "<group>"; };
		5790246A15C72B7E0032AA32 /* type_mat2x2.hpp */ = {isa = PBXFileReference; fileEncoding = 4; lastKnownFileType = sourcecode.cpp.h; path = type_mat2x2.hpp; sourceTree = "<group>"; };
		5790246B15C72B7E0032AA32 /* type_mat2x2.inl */ = {isa = PBXFileReference; fileEncoding = 4; lastKnownFileType = text; path = type_mat2x2.inl; sourceTree = "<group>"; };
		5790246C15C72B7E0032AA32 /* type_mat2x3.hpp */ = {isa = PBXFileReference; fileEncoding = 4; lastKnownFileType = sourcecode.cpp.h; path = type_mat2x3.hpp; sourceTree = "<group>"; };
		5790246D15C72B7E0032AA32 /* type_mat2x3.inl */ = {isa = PBXFileReference; fileEncoding = 4; lastKnownFileType = text; path = type_mat2x3.inl; sourceTree = "<group>"; };
		5790246E15C72B7E0032AA32 /* type_mat2x4.hpp */ = {isa = PBXFileReference; fileEncoding = 4; lastKnownFileType = sourcecode.cpp.h; path = type_mat2x4.hpp; sourceTree = "<group>"; };
		5790246F15C72B7E0032AA32 /* type_mat2x4.inl */ = {isa = PBXFileReference; fileEncoding = 4; lastKnownFileType = text; path = type_mat2x4.inl; sourceTree = "<group>"; };
		5790247015C72B7E0032AA32 /* type_mat3x2.hpp */ = {isa = PBXFileReference; fileEncoding = 4; lastKnownFileType = sourcecode.cpp.h; path = type_mat3x2.hpp; sourceTree = "<group>"; };
		5790247115C72B7E0032AA32 /* type_mat3x2.inl */ = {isa = PBXFileReference; fileEncoding = 4; lastKnownFileType = text; path = type_mat3x2.inl; sourceTree = "<group>"; };
		5790247215C72B7E0032AA32 /* type_mat3x3.hpp */ = {isa = PBXFileReference; fileEncoding = 4; lastKnownFileType = sourcecode.cpp.h; path = type_mat3x3.hpp; sourceTree = "<group>"; };
		5790247315C72B7E0032AA32 /* type_mat3x3.inl */ = {isa = PBXFileReference; fileEncoding = 4; lastKnownFileType = text; path = type_mat3x3.inl; sourceTree = "<group>"; };
		5790247415C72B7E0032AA32 /* type_mat3x4.hpp */ = {isa = PBXFileReference; fileEncoding = 4; lastKnownFileType = sourcecode.cpp.h; path = type_mat3x4.hpp; sourceTree = "<group>"; };
		5790247515C72B7E0032AA32 /* type_mat3x4.inl */ = {isa = PBXFileReference; fileEncoding = 4; lastKnownFileType = text; path = type_mat3x4.inl; sourceTree = "<group>"; };
		5790247615C72B7E0032AA32 /* type_mat4x2.hpp */ = {isa = PBXFileReference; fileEncoding = 4; lastKnownFileType = sourcecode.cpp.h; path = type_mat4x2.hpp; sourceTree = "<group>"; };
		5790247715C72B7E0032AA32 /* type_mat4x2.inl */ = {isa = PBXFileReference; fileEncoding = 4; lastKnownFileType = text; path = type_mat4x2.inl; sourceTree = "<group>"; };
		5790247815C72B7E0032AA32 /* type_mat4x3.hpp */ = {isa = PBXFileReference; fileEncoding = 4; lastKnownFileType = sourcecode.cpp.h; path = type_mat4x3.hpp; sourceTree = "<group>"; };
		5790247915C72B7E0032AA32 /* type_mat4x3.inl */ = {isa = PBXFileReference; fileEncoding = 4; lastKnownFileType = text; path = type_mat4x3.inl; sourceTree = "<group>"; };
		5790247A15C72B7E0032AA32 /* type_mat4x4.hpp */ = {isa = PBXFileReference; fileEncoding = 4; lastKnownFileType = sourcecode.cpp.h; path = type_mat4x4.hpp; sourceTree = "<group>"; };
		5790247B15C72B7E0032AA32 /* type_mat4x4.inl */ = {isa = PBXFileReference; fileEncoding = 4; lastKnownFileType = text; path = type_mat4x4.inl; sourceTree = "<group>"; };
		5790247C15C72B7E0032AA32 /* type_size.hpp */ = {isa = PBXFileReference; fileEncoding = 4; lastKnownFileType = sourcecode.cpp.h; path = type_size.hpp; sourceTree = "<group>"; };
		5790247D15C72B7E0032AA32 /* type_vec.hpp */ = {isa = PBXFileReference; fileEncoding = 4; lastKnownFileType = sourcecode.cpp.h; path = type_vec.hpp; sourceTree = "<group>"; };
		5790247E15C72B7E0032AA32 /* type_vec.inl */ = {isa = PBXFileReference; fileEncoding = 4; lastKnownFileType = text; path = type_vec.inl; sourceTree = "<group>"; };
		5790247F15C72B7E0032AA32 /* type_vec1.hpp */ = {isa = PBXFileReference; fileEncoding = 4; lastKnownFileType = sourcecode.cpp.h; path = type_vec1.hpp; sourceTree = "<group>"; };
		5790248015C72B7E0032AA32 /* type_vec1.inl */ = {isa = PBXFileReference; fileEncoding = 4; lastKnownFileType = text; path = type_vec1.inl; sourceTree = "<group>"; };
		5790248115C72B7E0032AA32 /* type_vec2.hpp */ = {isa = PBXFileReference; fileEncoding = 4; lastKnownFileType = sourcecode.cpp.h; path = type_vec2.hpp; sourceTree = "<group>"; };
		5790248215C72B7E0032AA32 /* type_vec2.inl */ = {isa = PBXFileReference; fileEncoding = 4; lastKnownFileType = text; path = type_vec2.inl; sourceTree = "<group>"; };
		5790248315C72B7E0032AA32 /* type_vec3.hpp */ = {isa = PBXFileReference; fileEncoding = 4; lastKnownFileType = sourcecode.cpp.h; path = type_vec3.hpp; sourceTree = "<group>"; };
		5790248415C72B7E0032AA32 /* type_vec3.inl */ = {isa = PBXFileReference; fileEncoding = 4; lastKnownFileType = text; path = type_vec3.inl; sourceTree = "<group>"; };
		5790248515C72B7E0032AA32 /* type_vec4.hpp */ = {isa = PBXFileReference; fileEncoding = 4; lastKnownFileType = sourcecode.cpp.h; path = type_vec4.hpp; sourceTree = "<group>"; };
		5790248615C72B7E0032AA32 /* type_vec4.inl */ = {isa = PBXFileReference; fileEncoding = 4; lastKnownFileType = text; path = type_vec4.inl; sourceTree = "<group>"; };
		5790248715C72B7E0032AA32 /* ext.hpp */ = {isa = PBXFileReference; fileEncoding = 4; lastKnownFileType = sourcecode.cpp.h; path = ext.hpp; sourceTree = "<group>"; };
		5790248815C72B7E0032AA32 /* glm.hpp */ = {isa = PBXFileReference; fileEncoding = 4; lastKnownFileType = sourcecode.cpp.h; path = glm.hpp; sourceTree = "<group>"; };
		5790248A15C72B7E0032AA32 /* half_float.hpp */ = {isa = PBXFileReference; fileEncoding = 4; lastKnownFileType = sourcecode.cpp.h; path = half_float.hpp; sourceTree = "<group>"; };
		5790248B15C72B7E0032AA32 /* half_float.inl */ = {isa = PBXFileReference; fileEncoding = 4; lastKnownFileType = text; path = half_float.inl; sourceTree = "<group>"; };
		5790248C15C72B7E0032AA32 /* matrix_access.hpp */ = {isa = PBXFileReference; fileEncoding = 4; lastKnownFileType = sourcecode.cpp.h; path = matrix_access.hpp; sourceTree = "<group>"; };
		5790248D15C72B7E0032AA32 /* matrix_access.inl */ = {isa = PBXFileReference; fileEncoding = 4; lastKnownFileType = text; path = matrix_access.inl; sourceTree = "<group>"; };
		5790248E15C72B7E0032AA32 /* matrix_integer.hpp */ = {isa = PBXFileReference; fileEncoding = 4; lastKnownFileType = sourcecode.cpp.h; path = matrix_integer.hpp; sourceTree = "<group>"; };
		5790248F15C72B7E0032AA32 /* matrix_inverse.hpp */ = {isa = PBXFileReference; fileEncoding = 4; lastKnownFileType = sourcecode.cpp.h; path = matrix_inverse.hpp; sourceTree = "<group>"; };
		5790249015C72B7E0032AA32 /* matrix_inverse.inl */ = {isa = PBXFileReference; fileEncoding = 4; lastKnownFileType = text; path = matrix_inverse.inl; sourceTree = "<group>"; };
		5790249115C72B7E0032AA32 /* matrix_transform.hpp */ = {isa = PBXFileReference; fileEncoding = 4; lastKnownFileType = sourcecode.cpp.h; path = matrix_transform.hpp; sourceTree = "<group>"; };
		5790249215C72B7E0032AA32 /* matrix_transform.inl */ = {isa = PBXFileReference; fileEncoding = 4; lastKnownFileType = text; path = matrix_transform.inl; sourceTree = "<group>"; };
		5790249315C72B7E0032AA32 /* noise.hpp */ = {isa = PBXFileReference; fileEncoding = 4; lastKnownFileType = sourcecode.cpp.h; path = noise.hpp; sourceTree = "<group>"; };
		5790249415C72B7E0032AA32 /* noise.inl */ = {isa = PBXFileReference; fileEncoding = 4; lastKnownFileType = text; path = noise.inl; sourceTree = "<group>"; };
		5790249515C72B7E0032AA32 /* quaternion.hpp */ = {isa = PBXFileReference; fileEncoding = 4; lastKnownFileType = sourcecode.cpp.h; path = quaternion.hpp; sourceTree = "<group>"; };
		5790249615C72B7E0032AA32 /* quaternion.inl */ = {isa = PBXFileReference; fileEncoding = 4; lastKnownFileType = text; path = quaternion.inl; sourceTree = "<group>"; };
		5790249715C72B7E0032AA32 /* random.hpp */ = {isa = PBXFileReference; fileEncoding = 4; lastKnownFileType = sourcecode.cpp.h; path = random.hpp; sourceTree = "<group>"; };
		5790249815C72B7E0032AA32 /* random.inl */ = {isa = PBXFileReference; fileEncoding = 4; lastKnownFileType = text; path = random.inl; sourceTree = "<group>"; };
		5790249915C72B7E0032AA32 /* swizzle.hpp */ = {isa = PBXFileReference; fileEncoding = 4; lastKnownFileType = sourcecode.cpp.h; path = swizzle.hpp; sourceTree = "<group>"; };
		5790249A15C72B7E0032AA32 /* swizzle.inl */ = {isa = PBXFileReference; fileEncoding = 4; lastKnownFileType = text; path = swizzle.inl; sourceTree = "<group>"; };
		5790249B15C72B7E0032AA32 /* type_precision.hpp */ = {isa = PBXFileReference; fileEncoding = 4; lastKnownFileType = sourcecode.cpp.h; path = type_precision.hpp; sourceTree = "<group>"; };
		5790249C15C72B7E0032AA32 /* type_precision.inl */ = {isa = PBXFileReference; fileEncoding = 4; lastKnownFileType = text; path = type_precision.inl; sourceTree = "<group>"; };
		5790249D15C72B7E0032AA32 /* type_ptr.hpp */ = {isa = PBXFileReference; fileEncoding = 4; lastKnownFileType = sourcecode.cpp.h; path = type_ptr.hpp; sourceTree = "<group>"; };
		5790249E15C72B7E0032AA32 /* type_ptr.inl */ = {isa = PBXFileReference; fileEncoding = 4; lastKnownFileType = text; path = type_ptr.inl; sourceTree = "<group>"; };
		579024A015C72B7E0032AA32 /* associated_min_max.hpp */ = {isa = PBXFileReference; fileEncoding = 4; lastKnownFileType = sourcecode.cpp.h; path = associated_min_max.hpp; sourceTree = "<group>"; };
		579024A115C72B7E0032AA32 /* associated_min_max.inl */ = {isa = PBXFileReference; fileEncoding = 4; lastKnownFileType = text; path = associated_min_max.inl; sourceTree = "<group>"; };
		579024A215C72B7E0032AA32 /* bit.hpp */ = {isa = PBXFileReference; fileEncoding = 4; lastKnownFileType = sourcecode.cpp.h; path = bit.hpp; sourceTree = "<group>"; };
		579024A315C72B7E0032AA32 /* bit.inl */ = {isa = PBXFileReference; fileEncoding = 4; lastKnownFileType = text; path = bit.inl; sourceTree = "<group>"; };
		579024A415C72B7E0032AA32 /* closest_point.hpp */ = {isa = PBXFileReference; fileEncoding = 4; lastKnownFileType = sourcecode.cpp.h; path = closest_point.hpp; sourceTree = "<group>"; };
		579024A515C72B7E0032AA32 /* closest_point.inl */ = {isa = PBXFileReference; fileEncoding = 4; lastKnownFileType = text; path = closest_point.inl; sourceTree = "<group>"; };
		579024A615C72B7E0032AA32 /* color_cast.hpp */ = {isa = PBXFileReference; fileEncoding = 4; lastKnownFileType = sourcecode.cpp.h; path = color_cast.hpp; sourceTree = "<group>"; };
		579024A715C72B7E0032AA32 /* color_cast.inl */ = {isa = PBXFileReference; fileEncoding = 4; lastKnownFileType = text; path = color_cast.inl; sourceTree = "<group>"; };
		579024A815C72B7E0032AA32 /* color_space.hpp */ = {isa = PBXFileReference; fileEncoding = 4; lastKnownFileType = sourcecode.cpp.h; path = color_space.hpp; sourceTree = "<group>"; };
		579024A915C72B7E0032AA32 /* color_space.inl */ = {isa = PBXFileReference; fileEncoding = 4; lastKnownFileType = text; path = color_space.inl; sourceTree = "<group>"; };
		579024AA15C72B7E0032AA32 /* color_space_YCoCg.hpp */ = {isa = PBXFileReference; fileEncoding = 4; lastKnownFileType = sourcecode.cpp.h; path = color_space_YCoCg.hpp; sourceTree = "<group>"; };
		579024AB15C72B7E0032AA32 /* color_space_YCoCg.inl */ = {isa = PBXFileReference; fileEncoding = 4; lastKnownFileType = text; path = color_space_YCoCg.inl; sourceTree = "<group>"; };
		579024AC15C72B7E0032AA32 /* compatibility.hpp */ = {isa = PBXFileReference; fileEncoding = 4; lastKnownFileType = sourcecode.cpp.h; path = compatibility.hpp; sourceTree = "<group>"; };
		579024AD15C72B7E0032AA32 /* compatibility.inl */ = {isa = PBXFileReference; fileEncoding = 4; lastKnownFileType = text; path = compatibility.inl; sourceTree = "<group>"; };
		579024AE15C72B7E0032AA32 /* component_wise.hpp */ = {isa = PBXFileReference; fileEncoding = 4; lastKnownFileType = sourcecode.cpp.h; path = component_wise.hpp; sourceTree = "<group>"; };
		579024AF15C72B7E0032AA32 /* component_wise.inl */ = {isa = PBXFileReference; fileEncoding = 4; lastKnownFileType = text; path = component_wise.inl; sourceTree = "<group>"; };
		579024B015C72B7E0032AA32 /* constants.hpp */ = {isa = PBXFileReference; fileEncoding = 4; lastKnownFileType = sourcecode.cpp.h; path = constants.hpp; sourceTree = "<group>"; };
		579024B115C72B7E0032AA32 /* constants.inl */ = {isa = PBXFileReference; fileEncoding = 4; lastKnownFileType = text; path = constants.inl; sourceTree = "<group>"; };
		579024B215C72B7E0032AA32 /* epsilon.hpp */ = {isa = PBXFileReference; fileEncoding = 4; lastKnownFileType = sourcecode.cpp.h; path = epsilon.hpp; sourceTree = "<group>"; };
		579024B315C72B7E0032AA32 /* epsilon.inl */ = {isa = PBXFileReference; fileEncoding = 4; lastKnownFileType = text; path = epsilon.inl; sourceTree = "<group>"; };
		579024B415C72B7E0032AA32 /* euler_angles.hpp */ = {isa = PBXFileReference; fileEncoding = 4; lastKnownFileType = sourcecode.cpp.h; path = euler_angles.hpp; sourceTree = "<group>"; };
		579024B515C72B7E0032AA32 /* euler_angles.inl */ = {isa = PBXFileReference; fileEncoding = 4; lastKnownFileType = text; path = euler_angles.inl; sourceTree = "<group>"; };
		579024B615C72B7E0032AA32 /* extend.hpp */ = {isa = PBXFileReference; fileEncoding = 4; lastKnownFileType = sourcecode.cpp.h; path = extend.hpp; sourceTree = "<group>"; };
		579024B715C72B7E0032AA32 /* extend.inl */ = {isa = PBXFileReference; fileEncoding = 4; lastKnownFileType = text; path = extend.inl; sourceTree = "<group>"; };
		579024B815C72B7E0032AA32 /* extented_min_max.hpp */ = {isa = PBXFileReference; fileEncoding = 4; lastKnownFileType = sourcecode.cpp.h; path = extented_min_max.hpp; sourceTree = "<group>"; };
		579024B915C72B7E0032AA32 /* extented_min_max.inl */ = {isa = PBXFileReference; fileEncoding = 4; lastKnownFileType = text; path = extented_min_max.inl; sourceTree = "<group>"; };
		579024BA15C72B7E0032AA32 /* fast_exponential.hpp */ = {isa = PBXFileReference; fileEncoding = 4; lastKnownFileType = sourcecode.cpp.h; path = fast_exponential.hpp; sourceTree = "<group>"; };
		579024BB15C72B7E0032AA32 /* fast_exponential.inl */ = {isa = PBXFileReference; fileEncoding = 4; lastKnownFileType = text; path = fast_exponential.inl; sourceTree = "<group>"; };
		579024BC15C72B7E0032AA32 /* fast_square_root.hpp */ = {isa = PBXFileReference; fileEncoding = 4; lastKnownFileType = sourcecode.cpp.h; path = fast_square_root.hpp; sourceTree = "<group>"; };
		579024BD15C72B7E0032AA32 /* fast_square_root.inl */ = {isa = PBXFileReference; fileEncoding = 4; lastKnownFileType = text; path = fast_square_root.inl; sourceTree = "<group>"; };
		579024BE15C72B7E0032AA32 /* fast_trigonometry.hpp */ = {isa = PBXFileReference; fileEncoding = 4; lastKnownFileType = sourcecode.cpp.h; path = fast_trigonometry.hpp; sourceTree = "<group>"; };
		579024BF15C72B7E0032AA32 /* fast_trigonometry.inl */ = {isa = PBXFileReference; fileEncoding = 4; lastKnownFileType = text; path = fast_trigonometry.inl; sourceTree = "<group>"; };
		579024C015C72B7E0032AA32 /* gradient_paint.hpp */ = {isa = PBXFileReference; fileEncoding = 4; lastKnownFileType = sourcecode.cpp.h; path = gradient_paint.hpp; sourceTree = "<group>"; };
		579024C115C72B7E0032AA32 /* gradient_paint.inl */ = {isa = PBXFileReference; fileEncoding = 4; lastKnownFileType = text; path = gradient_paint.inl; sourceTree = "<group>"; };
		579024C215C72B7E0032AA32 /* handed_coordinate_space.hpp */ = {isa = PBXFileReference; fileEncoding = 4; lastKnownFileType = sourcecode.cpp.h; path = handed_coordinate_space.hpp; sourceTree = "<group>"; };
		579024C315C72B7E0032AA32 /* handed_coordinate_space.inl */ = {isa = PBXFileReference; fileEncoding = 4; lastKnownFileType = text; path = handed_coordinate_space.inl; sourceTree = "<group>"; };
		579024C415C72B7E0032AA32 /* inertia.hpp */ = {isa = PBXFileReference; fileEncoding = 4; lastKnownFileType = sourcecode.cpp.h; path = inertia.hpp; sourceTree = "<group>"; };
		579024C515C72B7E0032AA32 /* inertia.inl */ = {isa = PBXFileReference; fileEncoding = 4; lastKnownFileType = text; path = inertia.inl; sourceTree = "<group>"; };
		579024C615C72B7E0032AA32 /* int_10_10_10_2.hpp */ = {isa = PBXFileReference; fileEncoding = 4; lastKnownFileType = sourcecode.cpp.h; path = int_10_10_10_2.hpp; sourceTree = "<group>"; };
		579024C715C72B7E0032AA32 /* int_10_10_10_2.inl */ = {isa = PBXFileReference; fileEncoding = 4; lastKnownFileType = text; path = int_10_10_10_2.inl; sourceTree = "<group>"; };
		579024C815C72B7E0032AA32 /* integer.hpp */ = {isa = PBXFileReference; fileEncoding = 4; lastKnownFileType = sourcecode.cpp.h; path = integer.hpp; sourceTree = "<group>"; };
		579024C915C72B7E0032AA32 /* integer.inl */ = {isa = PBXFileReference; fileEncoding = 4; lastKnownFileType = text; path = integer.inl; sourceTree = "<group>"; };
		579024CA15C72B7E0032AA32 /* intersect.hpp */ = {isa = PBXFileReference; fileEncoding = 4; lastKnownFileType = sourcecode.cpp.h; path = intersect.hpp; sourceTree = "<group>"; };
		579024CB15C72B7E0032AA32 /* intersect.inl */ = {isa = PBXFileReference; fileEncoding = 4; lastKnownFileType = text; path = intersect.inl; sourceTree = "<group>"; };
		579024CC15C72B7E0032AA32 /* log_base.hpp */ = {isa = PBXFileReference; fileEncoding = 4; lastKnownFileType = sourcecode.cpp.h; path = log_base.hpp; sourceTree = "<group>"; };
		579024CD15C72B7E0032AA32 /* log_base.inl */ = {isa = PBXFileReference; fileEncoding = 4; lastKnownFileType = text; path = log_base.inl; sourceTree = "<group>"; };
		579024CE15C72B7E0032AA32 /* matrix_cross_product.hpp */ = {isa = PBXFileReference; fileEncoding = 4; lastKnownFileType = sourcecode.cpp.h; path = matrix_cross_product.hpp; sourceTree = "<group>"; };
		579024CF15C72B7E0032AA32 /* matrix_cross_product.inl */ = {isa = PBXFileReference; fileEncoding = 4; lastKnownFileType = text; path = matrix_cross_product.inl; sourceTree = "<group>"; };
		579024D015C72B7E0032AA32 /* matrix_interpolation.hpp */ = {isa = PBXFileReference; fileEncoding = 4; lastKnownFileType = sourcecode.cpp.h; path = matrix_interpolation.hpp; sourceTree = "<group>"; };
		579024D115C72B7E0032AA32 /* matrix_interpolation.inl */ = {isa = PBXFileReference; fileEncoding = 4; lastKnownFileType = text; path = matrix_interpolation.inl; sourceTree = "<group>"; };
		579024D215C72B7E0032AA32 /* matrix_major_storage.hpp */ = {isa = PBXFileReference; fileEncoding = 4; lastKnownFileType = sourcecode.cpp.h; path = matrix_major_storage.hpp; sourceTree = "<group>"; };
		579024D315C72B7E0032AA32 /* matrix_major_storage.inl */ = {isa = PBXFileReference; fileEncoding = 4; lastKnownFileType = text; path = matrix_major_storage.inl; sourceTree = "<group>"; };
		579024D415C72B7E0032AA32 /* matrix_operation.hpp */ = {isa = PBXFileReference; fileEncoding = 4; lastKnownFileType = sourcecode.cpp.h; path = matrix_operation.hpp; sourceTree = "<group>"; };
		579024D515C72B7E0032AA32 /* matrix_operation.inl */ = {isa = PBXFileReference; fileEncoding = 4; lastKnownFileType = text; path = matrix_operation.inl; sourceTree = "<group>"; };
		579024D615C72B7E0032AA32 /* matrix_query.hpp */ = {isa = PBXFileReference; fileEncoding = 4; lastKnownFileType = sourcecode.cpp.h; path = matrix_query.hpp; sourceTree = "<group>"; };
		579024D715C72B7E0032AA32 /* matrix_query.inl */ = {isa = PBXFileReference; fileEncoding = 4; lastKnownFileType = text; path = matrix_query.inl; sourceTree = "<group>"; };
		579024D815C72B7E0032AA32 /* mixed_product.hpp */ = {isa = PBXFileReference; fileEncoding = 4; lastKnownFileType = sourcecode.cpp.h; path = mixed_product.hpp; sourceTree = "<group>"; };
		579024D915C72B7E0032AA32 /* mixed_product.inl */ = {isa = PBXFileReference; fileEncoding = 4; lastKnownFileType = text; path = mixed_product.inl; sourceTree = "<group>"; };
		579024DA15C72B7E0032AA32 /* multiple.hpp */ = {isa = PBXFileReference; fileEncoding = 4; lastKnownFileType = sourcecode.cpp.h; path = multiple.hpp; sourceTree = "<group>"; };
		579024DB15C72B7E0032AA32 /* multiple.inl */ = {isa = PBXFileReference; fileEncoding = 4; lastKnownFileType = text; path = multiple.inl; sourceTree = "<group>"; };
		579024DC15C72B7E0032AA32 /* noise.hpp */ = {isa = PBXFileReference; fileEncoding = 4; lastKnownFileType = sourcecode.cpp.h; path = noise.hpp; sourceTree = "<group>"; };
		579024DD15C72B7E0032AA32 /* noise.inl */ = {isa = PBXFileReference; fileEncoding = 4; lastKnownFileType = text; path = noise.inl; sourceTree = "<group>"; };
		579024DE15C72B7E0032AA32 /* norm.hpp */ = {isa = PBXFileReference; fileEncoding = 4; lastKnownFileType = sourcecode.cpp.h; path = norm.hpp; sourceTree = "<group>"; };
		579024DF15C72B7E0032AA32 /* norm.inl */ = {isa = PBXFileReference; fileEncoding = 4; lastKnownFileType = text; path = norm.inl; sourceTree = "<group>"; };
		579024E015C72B7E0032AA32 /* normal.hpp */ = {isa = PBXFileReference; fileEncoding = 4; lastKnownFileType = sourcecode.cpp.h; path = normal.hpp; sourceTree = "<group>"; };
		579024E115C72B7E0032AA32 /* normal.inl */ = {isa = PBXFileReference; fileEncoding = 4; lastKnownFileType = text; path = normal.inl; sourceTree = "<group>"; };
		579024E215C72B7E0032AA32 /* normalize_dot.hpp */ = {isa = PBXFileReference; fileEncoding = 4; lastKnownFileType = sourcecode.cpp.h; path = normalize_dot.hpp; sourceTree = "<group>"; };
		579024E315C72B7E0032AA32 /* normalize_dot.inl */ = {isa = PBXFileReference; fileEncoding = 4; lastKnownFileType = text; path = normalize_dot.inl; sourceTree = "<group>"; };
		579024E415C72B7E0032AA32 /* number_precision.hpp */ = {isa = PBXFileReference; fileEncoding = 4; lastKnownFileType = sourcecode.cpp.h; path = number_precision.hpp; sourceTree = "<group>"; };
		579024E515C72B7E0032AA32 /* number_precision.inl */ = {isa = PBXFileReference; fileEncoding = 4; lastKnownFileType = text; path = number_precision.inl; sourceTree = "<group>"; };
		579024E615C72B7E0032AA32 /* ocl_type.hpp */ = {isa = PBXFileReference; fileEncoding = 4; lastKnownFileType = sourcecode.cpp.h; path = ocl_type.hpp; sourceTree = "<group>"; };
		579024E715C72B7E0032AA32 /* ocl_type.inl */ = {isa = PBXFileReference; fileEncoding = 4; lastKnownFileType = text; path = ocl_type.inl; sourceTree = "<group>"; };
		579024E815C72B7E0032AA32 /* optimum_pow.hpp */ = {isa = PBXFileReference; fileEncoding = 4; lastKnownFileType = sourcecode.cpp.h; path = optimum_pow.hpp; sourceTree = "<group>"; };
		579024E915C72B7E0032AA32 /* optimum_pow.inl */ = {isa = PBXFileReference; fileEncoding = 4; lastKnownFileType = text; path = optimum_pow.inl; sourceTree = "<group>"; };
		579024EA15C72B7E0032AA32 /* orthonormalize.hpp */ = {isa = PBXFileReference; fileEncoding = 4; lastKnownFileType = sourcecode.cpp.h; path = orthonormalize.hpp; sourceTree = "<group>"; };
		579024EB15C72B7E0032AA32 /* orthonormalize.inl */ = {isa = PBXFileReference; fileEncoding = 4; lastKnownFileType = text; path = orthonormalize.inl; sourceTree = "<group>"; };
		579024EC15C72B7E0032AA32 /* perpendicular.hpp */ = {isa = PBXFileReference; fileEncoding = 4; lastKnownFileType = sourcecode.cpp.h; path = perpendicular.hpp; sourceTree = "<group>"; };
		579024ED15C72B7E0032AA32 /* perpendicular.inl */ = {isa = PBXFileReference; fileEncoding = 4; lastKnownFileType = text; path = perpendicular.inl; sourceTree = "<group>"; };
		579024EE15C72B7E0032AA32 /* polar_coordinates.hpp */ = {isa = PBXFileReference; fileEncoding = 4; lastKnownFileType = sourcecode.cpp.h; path = polar_coordinates.hpp; sourceTree = "<group>"; };
		579024EF15C72B7E0032AA32 /* polar_coordinates.inl */ = {isa = PBXFileReference; fileEncoding = 4; lastKnownFileType = text; path = polar_coordinates.inl; sourceTree = "<group>"; };
		579024F015C72B7E0032AA32 /* projection.hpp */ = {isa = PBXFileReference; fileEncoding = 4; lastKnownFileType = sourcecode.cpp.h; path = projection.hpp; sourceTree = "<group>"; };
		579024F115C72B7E0032AA32 /* projection.inl */ = {isa = PBXFileReference; fileEncoding = 4; lastKnownFileType = text; path = projection.inl; sourceTree = "<group>"; };
		579024F215C72B7E0032AA32 /* quaternion.hpp */ = {isa = PBXFileReference; fileEncoding = 4; lastKnownFileType = sourcecode.cpp.h; path = quaternion.hpp; sourceTree = "<group>"; };
		579024F315C72B7E0032AA32 /* quaternion.inl */ = {isa = PBXFileReference; fileEncoding = 4; lastKnownFileType = text; path = quaternion.inl; sourceTree = "<group>"; };
		579024F415C72B7E0032AA32 /* random.hpp */ = {isa = PBXFileReference; fileEncoding = 4; lastKnownFileType = sourcecode.cpp.h; path = random.hpp; sourceTree = "<group>"; };
		579024F515C72B7E0032AA32 /* random.inl */ = {isa = PBXFileReference; fileEncoding = 4; lastKnownFileType = text; path = random.inl; sourceTree = "<group>"; };
		579024F615C72B7E0032AA32 /* raw_data.hpp */ = {isa = PBXFileReference; fileEncoding = 4; lastKnownFileType = sourcecode.cpp.h; path = raw_data.hpp; sourceTree = "<group>"; };
		579024F715C72B7F0032AA32 /* raw_data.inl */ = {isa = PBXFileReference; fileEncoding = 4; lastKnownFileType = text; path = raw_data.inl; sourceTree = "<group>"; };
		579024F815C72B7F0032AA32 /* reciprocal.hpp */ = {isa = PBXFileReference; fileEncoding = 4; lastKnownFileType = sourcecode.cpp.h; path = reciprocal.hpp; sourceTree = "<group>"; };
		579024F915C72B7F0032AA32 /* reciprocal.inl */ = {isa = PBXFileReference; fileEncoding = 4; lastKnownFileType = text; path = reciprocal.inl; sourceTree = "<group>"; };
		579024FA15C72B7F0032AA32 /* rotate_vector.hpp */ = {isa = PBXFileReference; fileEncoding = 4; lastKnownFileType = sourcecode.cpp.h; path = rotate_vector.hpp; sourceTree = "<group>"; };
		579024FB15C72B7F0032AA32 /* rotate_vector.inl */ = {isa = PBXFileReference; fileEncoding = 4; lastKnownFileType = text; path = rotate_vector.inl; sourceTree = "<group>"; };
		579024FC15C72B7F0032AA32 /* simd_mat4.hpp */ = {isa = PBXFileReference; fileEncoding = 4; lastKnownFileType = sourcecode.cpp.h; path = simd_mat4.hpp; sourceTree = "<group>"; };
		579024FD15C72B7F0032AA32 /* simd_mat4.inl */ = {isa = PBXFileReference; fileEncoding = 4; lastKnownFileType = text; path = simd_mat4.inl; sourceTree = "<group>"; };
		579024FE15C72B7F0032AA32 /* simd_vec4.hpp */ = {isa = PBXFileReference; fileEncoding = 4; lastKnownFileType = sourcecode.cpp.h; path = simd_vec4.hpp; sourceTree = "<group>"; };
		579024FF15C72B7F0032AA32 /* simd_vec4.inl */ = {isa = PBXFileReference; fileEncoding = 4; lastKnownFileType = text; path = simd_vec4.inl; sourceTree = "<group>"; };
		5790250015C72B7F0032AA32 /* spline.hpp */ = {isa = PBXFileReference; fileEncoding = 4; lastKnownFileType = sourcecode.cpp.h; path = spline.hpp; sourceTree = "<group>"; };
		5790250115C72B7F0032AA32 /* spline.inl */ = {isa = PBXFileReference; fileEncoding = 4; lastKnownFileType = text; path = spline.inl; sourceTree = "<group>"; };
		5790250215C72B7F0032AA32 /* std_based_type.hpp */ = {isa = PBXFileReference; fileEncoding = 4; lastKnownFileType = sourcecode.cpp.h; path = std_based_type.hpp; sourceTree = "<group>"; };
		5790250315C72B7F0032AA32 /* std_based_type.inl */ = {isa = PBXFileReference; fileEncoding = 4; lastKnownFileType = text; path = std_based_type.inl; sourceTree = "<group>"; };
		5790250415C72B7F0032AA32 /* string_cast.hpp */ = {isa = PBXFileReference; fileEncoding = 4; lastKnownFileType = sourcecode.cpp.h; path = string_cast.hpp; sourceTree = "<group>"; };
		5790250515C72B7F0032AA32 /* string_cast.inl */ = {isa = PBXFileReference; fileEncoding = 4; lastKnownFileType = text; path = string_cast.inl; sourceTree = "<group>"; };
		5790250615C72B7F0032AA32 /* transform.hpp */ = {isa = PBXFileReference; fileEncoding = 4; lastKnownFileType = sourcecode.cpp.h; path = transform.hpp; sourceTree = "<group>"; };
		5790250715C72B7F0032AA32 /* transform.inl */ = {isa = PBXFileReference; fileEncoding = 4; lastKnownFileType = text; path = transform.inl; sourceTree = "<group>"; };
		5790250815C72B7F0032AA32 /* transform2.hpp */ = {isa = PBXFileReference; fileEncoding = 4; lastKnownFileType = sourcecode.cpp.h; path = transform2.hpp; sourceTree = "<group>"; };
		5790250915C72B7F0032AA32 /* transform2.inl */ = {isa = PBXFileReference; fileEncoding = 4; lastKnownFileType = text; path = transform2.inl; sourceTree = "<group>"; };
		5790250A15C72B7F0032AA32 /* ulp.hpp */ = {isa = PBXFileReference; fileEncoding = 4; lastKnownFileType = sourcecode.cpp.h; path = ulp.hpp; sourceTree = "<group>"; };
		5790250B15C72B7F0032AA32 /* ulp.inl */ = {isa = PBXFileReference; fileEncoding = 4; lastKnownFileType = text; path = ulp.inl; sourceTree = "<group>"; };
		5790250C15C72B7F0032AA32 /* unsigned_int.hpp */ = {isa = PBXFileReference; fileEncoding = 4; lastKnownFileType = sourcecode.cpp.h; path = unsigned_int.hpp; sourceTree = "<group>"; };
		5790250D15C72B7F0032AA32 /* unsigned_int.inl */ = {isa = PBXFileReference; fileEncoding = 4; lastKnownFileType = text; path = unsigned_int.inl; sourceTree = "<group>"; };
		5790250E15C72B7F0032AA32 /* vec1.hpp */ = {isa = PBXFileReference; fileEncoding = 4; lastKnownFileType = sourcecode.cpp.h; path = vec1.hpp; sourceTree = "<group>"; };
		5790250F15C72B7F0032AA32 /* vec1.inl */ = {isa = PBXFileReference; fileEncoding = 4; lastKnownFileType = text; path = vec1.inl; sourceTree = "<group>"; };
		5790251015C72B7F0032AA32 /* vector_access.hpp */ = {isa = PBXFileReference; fileEncoding = 4; lastKnownFileType = sourcecode.cpp.h; path = vector_access.hpp; sourceTree = "<group>"; };
		5790251115C72B7F0032AA32 /* vector_access.inl */ = {isa = PBXFileReference; fileEncoding = 4; lastKnownFileType = text; path = vector_access.inl; sourceTree = "<group>"; };
		5790251215C72B7F0032AA32 /* vector_angle.hpp */ = {isa = PBXFileReference; fileEncoding = 4; lastKnownFileType = sourcecode.cpp.h; path = vector_angle.hpp; sourceTree = "<group>"; };
		5790251315C72B7F0032AA32 /* vector_angle.inl */ = {isa = PBXFileReference; fileEncoding = 4; lastKnownFileType = text; path = vector_angle.inl; sourceTree = "<group>"; };
		5790251415C72B7F0032AA32 /* vector_query.hpp */ = {isa = PBXFileReference; fileEncoding = 4; lastKnownFileType = sourcecode.cpp.h; path = vector_query.hpp; sourceTree = "<group>"; };
		5790251515C72B7F0032AA32 /* vector_query.inl */ = {isa = PBXFileReference; fileEncoding = 4; lastKnownFileType = text; path = vector_query.inl; sourceTree = "<group>"; };
		5790251615C72B7F0032AA32 /* verbose_operator.hpp */ = {isa = PBXFileReference; fileEncoding = 4; lastKnownFileType = sourcecode.cpp.h; path = verbose_operator.hpp; sourceTree = "<group>"; };
		5790251715C72B7F0032AA32 /* verbose_operator.inl */ = {isa = PBXFileReference; fileEncoding = 4; lastKnownFileType = text; path = verbose_operator.inl; sourceTree = "<group>"; };
		5790251815C72B7F0032AA32 /* wrap.hpp */ = {isa = PBXFileReference; fileEncoding = 4; lastKnownFileType = sourcecode.cpp.h; path = wrap.hpp; sourceTree = "<group>"; };
		5790251915C72B7F0032AA32 /* wrap.inl */ = {isa = PBXFileReference; fileEncoding = 4; lastKnownFileType = text; path = wrap.inl; sourceTree = "<group>"; };
		5790251B15C72B7F0032AA32 /* xstream.hpp */ = {isa = PBXFileReference; fileEncoding = 4; lastKnownFileType = sourcecode.cpp.h; path = xstream.hpp; sourceTree = "<group>"; };
		5790251F15C735710032AA32 /* fragment.glsl */ = {isa = PBXFileReference; fileEncoding = 4; lastKnownFileType = text; name = fragment.glsl; path = shaders/fragment.glsl; sourceTree = "<group>"; };
		5790252015C735710032AA32 /* vertex.glsl */ = {isa = PBXFileReference; fileEncoding = 4; lastKnownFileType = text; name = vertex.glsl; path = shaders/vertex.glsl; sourceTree = "<group>"; };
		57B6078815B73DDB00E691B8 /* electricsheep.cpp */ = {isa = PBXFileReference; fileEncoding = 4; lastKnownFileType = sourcecode.cpp.cpp; path = electricsheep.cpp; sourceTree = "<group>"; };
/* End PBXFileReference section */

/* Begin PBXFrameworksBuildPhase section */
		574F1C5A15B73B3300547B13 /* Frameworks */ = {
			isa = PBXFrameworksBuildPhase;
			buildActionMask = 2147483647;
			files = (
				574F1C6D15B73B9400547B13 /* GLUT.framework in Frameworks */,
				574F1C6B15B73B8C00547B13 /* OpenGL.framework in Frameworks */,
			);
			runOnlyForDeploymentPostprocessing = 0;
		};
/* End PBXFrameworksBuildPhase section */

/* Begin PBXGroup section */
		571A044815C042E300DF0C5A /* Shaders */ = {
			isa = PBXGroup;
			children = (
				5790251F15C735710032AA32 /* fragment.glsl */,
				5790252015C735710032AA32 /* vertex.glsl */,
			);
			name = Shaders;
			sourceTree = "<group>";
		};
		574F1C5215B73B3300547B13 = {
			isa = PBXGroup;
			children = (
				578D679515B73DA000B46BCF /* Frameworks */,
				578D679315B73D9300B46BCF /* Source */,
				574F1C5E15B73B3300547B13 /* Products */,
			);
			sourceTree = "<group>";
		};
		574F1C5E15B73B3300547B13 /* Products */ = {
			isa = PBXGroup;
			children = (
				574F1C5D15B73B3300547B13 /* electricsheep */,
			);
			name = Products;
			sourceTree = "<group>";
		};
		578D679315B73D9300B46BCF /* Source */ = {
			isa = PBXGroup;
			children = (
				5790243815C72B7E0032AA32 /* glm */,
				571A044815C042E300DF0C5A /* Shaders */,
				57B6078815B73DDB00E691B8 /* splode */,
				571A044215C03C8300DF0C5A /* shaderUtilities.h */,
				571A044415C03D2900DF0C5A /* shaderUtilities.cpp */,
			);
			name = Source;
			sourceTree = "<group>";
		};
		578D679515B73DA000B46BCF /* Frameworks */ = {
			isa = PBXGroup;
			children = (
				574F1C6C15B73B9400547B13 /* GLUT.framework */,
				574F1C6A15B73B8C00547B13 /* OpenGL.framework */,
			);
			name = Frameworks;
			sourceTree = "<group>";
		};
		5790243815C72B7E0032AA32 /* glm */ = {
			isa = PBXGroup;
			children = (
				5790243A15C72B7E0032AA32 /* core */,
				5790248715C72B7E0032AA32 /* ext.hpp */,
				5790248815C72B7E0032AA32 /* glm.hpp */,
				5790248915C72B7E0032AA32 /* gtc */,
				5790249F15C72B7E0032AA32 /* gtx */,
				5790251A15C72B7F0032AA32 /* virtrev */,
			);
			path = glm;
			sourceTree = "<group>";
		};
		5790243A15C72B7E0032AA32 /* core */ = {
			isa = PBXGroup;
			children = (
				5790243B15C72B7E0032AA32 /* _detail.hpp */,
				5790243C15C72B7E0032AA32 /* _fixes.hpp */,
				5790243D15C72B7E0032AA32 /* _swizzle.hpp */,
				5790243E15C72B7E0032AA32 /* _swizzle_func.hpp */,
				5790243F15C72B7E0032AA32 /* _vectorize.hpp */,
				5790244115C72B7E0032AA32 /* func_common.hpp */,
				5790244215C72B7E0032AA32 /* func_common.inl */,
				5790244315C72B7E0032AA32 /* func_exponential.hpp */,
				5790244415C72B7E0032AA32 /* func_exponential.inl */,
				5790244515C72B7E0032AA32 /* func_geometric.hpp */,
				5790244615C72B7E0032AA32 /* func_geometric.inl */,
				5790244715C72B7E0032AA32 /* func_integer.hpp */,
				5790244815C72B7E0032AA32 /* func_integer.inl */,
				5790244915C72B7E0032AA32 /* func_matrix.hpp */,
				5790244A15C72B7E0032AA32 /* func_matrix.inl */,
				5790244B15C72B7E0032AA32 /* func_noise.hpp */,
				5790244C15C72B7E0032AA32 /* func_noise.inl */,
				5790244D15C72B7E0032AA32 /* func_packing.hpp */,
				5790244E15C72B7E0032AA32 /* func_packing.inl */,
				5790244F15C72B7E0032AA32 /* func_trigonometric.hpp */,
				5790245015C72B7E0032AA32 /* func_trigonometric.inl */,
				5790245115C72B7E0032AA32 /* func_vector_relational.hpp */,
				5790245215C72B7E0032AA32 /* func_vector_relational.inl */,
				5790245315C72B7E0032AA32 /* hint.hpp */,
				5790245415C72B7E0032AA32 /* intrinsic_common.hpp */,
				5790245515C72B7E0032AA32 /* intrinsic_common.inl */,
				5790245615C72B7E0032AA32 /* intrinsic_exponential.hpp */,
				5790245715C72B7E0032AA32 /* intrinsic_exponential.inl */,
				5790245815C72B7E0032AA32 /* intrinsic_geometric.hpp */,
				5790245915C72B7E0032AA32 /* intrinsic_geometric.inl */,
				5790245A15C72B7E0032AA32 /* intrinsic_matrix.hpp */,
				5790245B15C72B7E0032AA32 /* intrinsic_matrix.inl */,
				5790245C15C72B7E0032AA32 /* intrinsic_trigonometric.hpp */,
				5790245D15C72B7E0032AA32 /* intrinsic_trigonometric.inl */,
				5790245E15C72B7E0032AA32 /* intrinsic_vector_relational.hpp */,
				5790245F15C72B7E0032AA32 /* intrinsic_vector_relational.inl */,
				5790246015C72B7E0032AA32 /* setup.hpp */,
				5790246115C72B7E0032AA32 /* type.hpp */,
				5790246215C72B7E0032AA32 /* type_float.hpp */,
				5790246315C72B7E0032AA32 /* type_gentype.hpp */,
				5790246415C72B7E0032AA32 /* type_gentype.inl */,
				5790246515C72B7E0032AA32 /* type_half.hpp */,
				5790246615C72B7E0032AA32 /* type_half.inl */,
				5790246715C72B7E0032AA32 /* type_int.hpp */,
				5790246815C72B7E0032AA32 /* type_mat.hpp */,
				5790246915C72B7E0032AA32 /* type_mat.inl */,
				5790246A15C72B7E0032AA32 /* type_mat2x2.hpp */,
				5790246B15C72B7E0032AA32 /* type_mat2x2.inl */,
				5790246C15C72B7E0032AA32 /* type_mat2x3.hpp */,
				5790246D15C72B7E0032AA32 /* type_mat2x3.inl */,
				5790246E15C72B7E0032AA32 /* type_mat2x4.hpp */,
				5790246F15C72B7E0032AA32 /* type_mat2x4.inl */,
				5790247015C72B7E0032AA32 /* type_mat3x2.hpp */,
				5790247115C72B7E0032AA32 /* type_mat3x2.inl */,
				5790247215C72B7E0032AA32 /* type_mat3x3.hpp */,
				5790247315C72B7E0032AA32 /* type_mat3x3.inl */,
				5790247415C72B7E0032AA32 /* type_mat3x4.hpp */,
				5790247515C72B7E0032AA32 /* type_mat3x4.inl */,
				5790247615C72B7E0032AA32 /* type_mat4x2.hpp */,
				5790247715C72B7E0032AA32 /* type_mat4x2.inl */,
				5790247815C72B7E0032AA32 /* type_mat4x3.hpp */,
				5790247915C72B7E0032AA32 /* type_mat4x3.inl */,
				5790247A15C72B7E0032AA32 /* type_mat4x4.hpp */,
				5790247B15C72B7E0032AA32 /* type_mat4x4.inl */,
				5790247C15C72B7E0032AA32 /* type_size.hpp */,
				5790247D15C72B7E0032AA32 /* type_vec.hpp */,
				5790247E15C72B7E0032AA32 /* type_vec.inl */,
				5790247F15C72B7E0032AA32 /* type_vec1.hpp */,
				5790248015C72B7E0032AA32 /* type_vec1.inl */,
				5790248115C72B7E0032AA32 /* type_vec2.hpp */,
				5790248215C72B7E0032AA32 /* type_vec2.inl */,
				5790248315C72B7E0032AA32 /* type_vec3.hpp */,
				5790248415C72B7E0032AA32 /* type_vec3.inl */,
				5790248515C72B7E0032AA32 /* type_vec4.hpp */,
				5790248615C72B7E0032AA32 /* type_vec4.inl */,
			);
			path = core;
			sourceTree = "<group>";
		};
		5790248915C72B7E0032AA32 /* gtc */ = {
			isa = PBXGroup;
			children = (
				5790248A15C72B7E0032AA32 /* half_float.hpp */,
				5790248B15C72B7E0032AA32 /* half_float.inl */,
				5790248C15C72B7E0032AA32 /* matrix_access.hpp */,
				5790248D15C72B7E0032AA32 /* matrix_access.inl */,
				5790248E15C72B7E0032AA32 /* matrix_integer.hpp */,
				5790248F15C72B7E0032AA32 /* matrix_inverse.hpp */,
				5790249015C72B7E0032AA32 /* matrix_inverse.inl */,
				5790249115C72B7E0032AA32 /* matrix_transform.hpp */,
				5790249215C72B7E0032AA32 /* matrix_transform.inl */,
				5790249315C72B7E0032AA32 /* noise.hpp */,
				5790249415C72B7E0032AA32 /* noise.inl */,
				5790249515C72B7E0032AA32 /* quaternion.hpp */,
				5790249615C72B7E0032AA32 /* quaternion.inl */,
				5790249715C72B7E0032AA32 /* random.hpp */,
				5790249815C72B7E0032AA32 /* random.inl */,
				5790249915C72B7E0032AA32 /* swizzle.hpp */,
				5790249A15C72B7E0032AA32 /* swizzle.inl */,
				5790249B15C72B7E0032AA32 /* type_precision.hpp */,
				5790249C15C72B7E0032AA32 /* type_precision.inl */,
				5790249D15C72B7E0032AA32 /* type_ptr.hpp */,
				5790249E15C72B7E0032AA32 /* type_ptr.inl */,
			);
			path = gtc;
			sourceTree = "<group>";
		};
		5790249F15C72B7E0032AA32 /* gtx */ = {
			isa = PBXGroup;
			children = (
				579024A015C72B7E0032AA32 /* associated_min_max.hpp */,
				579024A115C72B7E0032AA32 /* associated_min_max.inl */,
				579024A215C72B7E0032AA32 /* bit.hpp */,
				579024A315C72B7E0032AA32 /* bit.inl */,
				579024A415C72B7E0032AA32 /* closest_point.hpp */,
				579024A515C72B7E0032AA32 /* closest_point.inl */,
				579024A615C72B7E0032AA32 /* color_cast.hpp */,
				579024A715C72B7E0032AA32 /* color_cast.inl */,
				579024A815C72B7E0032AA32 /* color_space.hpp */,
				579024A915C72B7E0032AA32 /* color_space.inl */,
				579024AA15C72B7E0032AA32 /* color_space_YCoCg.hpp */,
				579024AB15C72B7E0032AA32 /* color_space_YCoCg.inl */,
				579024AC15C72B7E0032AA32 /* compatibility.hpp */,
				579024AD15C72B7E0032AA32 /* compatibility.inl */,
				579024AE15C72B7E0032AA32 /* component_wise.hpp */,
				579024AF15C72B7E0032AA32 /* component_wise.inl */,
				579024B015C72B7E0032AA32 /* constants.hpp */,
				579024B115C72B7E0032AA32 /* constants.inl */,
				579024B215C72B7E0032AA32 /* epsilon.hpp */,
				579024B315C72B7E0032AA32 /* epsilon.inl */,
				579024B415C72B7E0032AA32 /* euler_angles.hpp */,
				579024B515C72B7E0032AA32 /* euler_angles.inl */,
				579024B615C72B7E0032AA32 /* extend.hpp */,
				579024B715C72B7E0032AA32 /* extend.inl */,
				579024B815C72B7E0032AA32 /* extented_min_max.hpp */,
				579024B915C72B7E0032AA32 /* extented_min_max.inl */,
				579024BA15C72B7E0032AA32 /* fast_exponential.hpp */,
				579024BB15C72B7E0032AA32 /* fast_exponential.inl */,
				579024BC15C72B7E0032AA32 /* fast_square_root.hpp */,
				579024BD15C72B7E0032AA32 /* fast_square_root.inl */,
				579024BE15C72B7E0032AA32 /* fast_trigonometry.hpp */,
				579024BF15C72B7E0032AA32 /* fast_trigonometry.inl */,
				579024C015C72B7E0032AA32 /* gradient_paint.hpp */,
				579024C115C72B7E0032AA32 /* gradient_paint.inl */,
				579024C215C72B7E0032AA32 /* handed_coordinate_space.hpp */,
				579024C315C72B7E0032AA32 /* handed_coordinate_space.inl */,
				579024C415C72B7E0032AA32 /* inertia.hpp */,
				579024C515C72B7E0032AA32 /* inertia.inl */,
				579024C615C72B7E0032AA32 /* int_10_10_10_2.hpp */,
				579024C715C72B7E0032AA32 /* int_10_10_10_2.inl */,
				579024C815C72B7E0032AA32 /* integer.hpp */,
				579024C915C72B7E0032AA32 /* integer.inl */,
				579024CA15C72B7E0032AA32 /* intersect.hpp */,
				579024CB15C72B7E0032AA32 /* intersect.inl */,
				579024CC15C72B7E0032AA32 /* log_base.hpp */,
				579024CD15C72B7E0032AA32 /* log_base.inl */,
				579024CE15C72B7E0032AA32 /* matrix_cross_product.hpp */,
				579024CF15C72B7E0032AA32 /* matrix_cross_product.inl */,
				579024D015C72B7E0032AA32 /* matrix_interpolation.hpp */,
				579024D115C72B7E0032AA32 /* matrix_interpolation.inl */,
				579024D215C72B7E0032AA32 /* matrix_major_storage.hpp */,
				579024D315C72B7E0032AA32 /* matrix_major_storage.inl */,
				579024D415C72B7E0032AA32 /* matrix_operation.hpp */,
				579024D515C72B7E0032AA32 /* matrix_operation.inl */,
				579024D615C72B7E0032AA32 /* matrix_query.hpp */,
				579024D715C72B7E0032AA32 /* matrix_query.inl */,
				579024D815C72B7E0032AA32 /* mixed_product.hpp */,
				579024D915C72B7E0032AA32 /* mixed_product.inl */,
				579024DA15C72B7E0032AA32 /* multiple.hpp */,
				579024DB15C72B7E0032AA32 /* multiple.inl */,
				579024DC15C72B7E0032AA32 /* noise.hpp */,
				579024DD15C72B7E0032AA32 /* noise.inl */,
				579024DE15C72B7E0032AA32 /* norm.hpp */,
				579024DF15C72B7E0032AA32 /* norm.inl */,
				579024E015C72B7E0032AA32 /* normal.hpp */,
				579024E115C72B7E0032AA32 /* normal.inl */,
				579024E215C72B7E0032AA32 /* normalize_dot.hpp */,
				579024E315C72B7E0032AA32 /* normalize_dot.inl */,
				579024E415C72B7E0032AA32 /* number_precision.hpp */,
				579024E515C72B7E0032AA32 /* number_precision.inl */,
				579024E615C72B7E0032AA32 /* ocl_type.hpp */,
				579024E715C72B7E0032AA32 /* ocl_type.inl */,
				579024E815C72B7E0032AA32 /* optimum_pow.hpp */,
				579024E915C72B7E0032AA32 /* optimum_pow.inl */,
				579024EA15C72B7E0032AA32 /* orthonormalize.hpp */,
				579024EB15C72B7E0032AA32 /* orthonormalize.inl */,
				579024EC15C72B7E0032AA32 /* perpendicular.hpp */,
				579024ED15C72B7E0032AA32 /* perpendicular.inl */,
				579024EE15C72B7E0032AA32 /* polar_coordinates.hpp */,
				579024EF15C72B7E0032AA32 /* polar_coordinates.inl */,
				579024F015C72B7E0032AA32 /* projection.hpp */,
				579024F115C72B7E0032AA32 /* projection.inl */,
				579024F215C72B7E0032AA32 /* quaternion.hpp */,
				579024F315C72B7E0032AA32 /* quaternion.inl */,
				579024F415C72B7E0032AA32 /* random.hpp */,
				579024F515C72B7E0032AA32 /* random.inl */,
				579024F615C72B7E0032AA32 /* raw_data.hpp */,
				579024F715C72B7F0032AA32 /* raw_data.inl */,
				579024F815C72B7F0032AA32 /* reciprocal.hpp */,
				579024F915C72B7F0032AA32 /* reciprocal.inl */,
				579024FA15C72B7F0032AA32 /* rotate_vector.hpp */,
				579024FB15C72B7F0032AA32 /* rotate_vector.inl */,
				579024FC15C72B7F0032AA32 /* simd_mat4.hpp */,
				579024FD15C72B7F0032AA32 /* simd_mat4.inl */,
				579024FE15C72B7F0032AA32 /* simd_vec4.hpp */,
				579024FF15C72B7F0032AA32 /* simd_vec4.inl */,
				5790250015C72B7F0032AA32 /* spline.hpp */,
				5790250115C72B7F0032AA32 /* spline.inl */,
				5790250215C72B7F0032AA32 /* std_based_type.hpp */,
				5790250315C72B7F0032AA32 /* std_based_type.inl */,
				5790250415C72B7F0032AA32 /* string_cast.hpp */,
				5790250515C72B7F0032AA32 /* string_cast.inl */,
				5790250615C72B7F0032AA32 /* transform.hpp */,
				5790250715C72B7F0032AA32 /* transform.inl */,
				5790250815C72B7F0032AA32 /* transform2.hpp */,
				5790250915C72B7F0032AA32 /* transform2.inl */,
				5790250A15C72B7F0032AA32 /* ulp.hpp */,
				5790250B15C72B7F0032AA32 /* ulp.inl */,
				5790250C15C72B7F0032AA32 /* unsigned_int.hpp */,
				5790250D15C72B7F0032AA32 /* unsigned_int.inl */,
				5790250E15C72B7F0032AA32 /* vec1.hpp */,
				5790250F15C72B7F0032AA32 /* vec1.inl */,
				5790251015C72B7F0032AA32 /* vector_access.hpp */,
				5790251115C72B7F0032AA32 /* vector_access.inl */,
				5790251215C72B7F0032AA32 /* vector_angle.hpp */,
				5790251315C72B7F0032AA32 /* vector_angle.inl */,
				5790251415C72B7F0032AA32 /* vector_query.hpp */,
				5790251515C72B7F0032AA32 /* vector_query.inl */,
				5790251615C72B7F0032AA32 /* verbose_operator.hpp */,
				5790251715C72B7F0032AA32 /* verbose_operator.inl */,
				5790251815C72B7F0032AA32 /* wrap.hpp */,
				5790251915C72B7F0032AA32 /* wrap.inl */,
			);
			path = gtx;
			sourceTree = "<group>";
		};
		5790251A15C72B7F0032AA32 /* virtrev */ = {
			isa = PBXGroup;
			children = (
				5790251B15C72B7F0032AA32 /* xstream.hpp */,
			);
			path = virtrev;
			sourceTree = "<group>";
		};
/* End PBXGroup section */

/* Begin PBXNativeTarget section */
		574F1C5C15B73B3300547B13 /* electricsheep */ = {
			isa = PBXNativeTarget;
			buildConfigurationList = 574F1C6715B73B3300547B13 /* Build configuration list for PBXNativeTarget "electricsheep" */;
			buildPhases = (
				574F1C5915B73B3300547B13 /* Sources */,
				574F1C5A15B73B3300547B13 /* Frameworks */,
				574F1C5B15B73B3300547B13 /* CopyFiles */,
			);
			buildRules = (
			);
			dependencies = (
			);
			name = electricsheep;
			productName = voxelDev;
			productReference = 574F1C5D15B73B3300547B13 /* electricsheep */;
			productType = "com.apple.product-type.tool";
		};
/* End PBXNativeTarget section */

/* Begin PBXProject section */
		574F1C5415B73B3300547B13 /* Project object */ = {
			isa = PBXProject;
			attributes = {
				LastUpgradeCheck = 0430;
			};
			buildConfigurationList = 574F1C5715B73B3300547B13 /* Build configuration list for PBXProject "electricsheep" */;
			compatibilityVersion = "Xcode 3.2";
			developmentRegion = English;
			hasScannedForEncodings = 0;
			knownRegions = (
				en,
			);
			mainGroup = 574F1C5215B73B3300547B13;
			productRefGroup = 574F1C5E15B73B3300547B13 /* Products */;
			projectDirPath = "";
			projectRoot = "";
			targets = (
				574F1C5C15B73B3300547B13 /* electricsheep */,
			);
		};
/* End PBXProject section */

/* Begin PBXSourcesBuildPhase section */
		574F1C5915B73B3300547B13 /* Sources */ = {
			isa = PBXSourcesBuildPhase;
			buildActionMask = 2147483647;
			files = (
				57B6078915B73DDB00E691B8 /* electricsheep.cpp in Sources */,
				571A044515C03D2900DF0C5A /* shaderUtilities.cpp in Sources */,
			);
			runOnlyForDeploymentPostprocessing = 0;
		};
/* End PBXSourcesBuildPhase section */

/* Begin XCBuildConfiguration section */
		574F1C6515B73B3300547B13 /* Debug */ = {
			isa = XCBuildConfiguration;
			buildSettings = {
				ALWAYS_SEARCH_USER_PATHS = NO;
				ARCHS = "$(ARCHS_STANDARD_64_BIT)";
				CLANG_ENABLE_OBJC_ARC = YES;
				COPY_PHASE_STRIP = NO;
				GCC_C_LANGUAGE_STANDARD = gnu99;
				GCC_DYNAMIC_NO_PIC = NO;
				GCC_ENABLE_OBJC_EXCEPTIONS = YES;
				GCC_OPTIMIZATION_LEVEL = 0;
				GCC_PREPROCESSOR_DEFINITIONS = (
					"DEBUG=1",
					"$(inherited)",
				);
				GCC_SYMBOLS_PRIVATE_EXTERN = NO;
				GCC_VERSION = com.apple.compilers.llvm.clang.1_0;
				GCC_WARN_64_TO_32_BIT_CONVERSION = YES;
				GCC_WARN_ABOUT_RETURN_TYPE = YES;
				GCC_WARN_UNINITIALIZED_AUTOS = YES;
				GCC_WARN_UNUSED_VARIABLE = YES;
				MACOSX_DEPLOYMENT_TARGET = 10.7;
				ONLY_ACTIVE_ARCH = YES;
				SDKROOT = macosx;
			};
			name = Debug;
		};
		574F1C6615B73B3300547B13 /* Release */ = {
			isa = XCBuildConfiguration;
			buildSettings = {
				ALWAYS_SEARCH_USER_PATHS = NO;
				ARCHS = "$(ARCHS_STANDARD_64_BIT)";
				CLANG_ENABLE_OBJC_ARC = YES;
				COPY_PHASE_STRIP = YES;
				DEBUG_INFORMATION_FORMAT = "dwarf-with-dsym";
				GCC_C_LANGUAGE_STANDARD = gnu99;
				GCC_ENABLE_OBJC_EXCEPTIONS = YES;
				GCC_VERSION = com.apple.compilers.llvm.clang.1_0;
				GCC_WARN_64_TO_32_BIT_CONVERSION = YES;
				GCC_WARN_ABOUT_RETURN_TYPE = YES;
				GCC_WARN_UNINITIALIZED_AUTOS = YES;
				GCC_WARN_UNUSED_VARIABLE = YES;
				MACOSX_DEPLOYMENT_TARGET = 10.7;
				SDKROOT = macosx;
			};
			name = Release;
		};
		574F1C6815B73B3300547B13 /* Debug */ = {
			isa = XCBuildConfiguration;
			buildSettings = {
				PRODUCT_NAME = electricsheep;
			};
			name = Debug;
		};
		574F1C6915B73B3300547B13 /* Release */ = {
			isa = XCBuildConfiguration;
			buildSettings = {
				PRODUCT_NAME = electricsheep;
			};
			name = Release;
		};
/* End XCBuildConfiguration section */

/* Begin XCConfigurationList section */
		574F1C5715B73B3300547B13 /* Build configuration list for PBXProject "electricsheep" */ = {
			isa = XCConfigurationList;
			buildConfigurations = (
				574F1C6515B73B3300547B13 /* Debug */,
				574F1C6615B73B3300547B13 /* Release */,
			);
			defaultConfigurationIsVisible = 0;
			defaultConfigurationName = Release;
		};
		574F1C6715B73B3300547B13 /* Build configuration list for PBXNativeTarget "electricsheep" */ = {
			isa = XCConfigurationList;
			buildConfigurations = (
				574F1C6815B73B3300547B13 /* Debug */,
				574F1C6915B73B3300547B13 /* Release */,
			);
			defaultConfigurationIsVisible = 0;
			defaultConfigurationName = Release;
		};
/* End XCConfigurationList section */
	};
	rootObject = 574F1C5415B73B3300547B13 /* Project object */;
}
