
Microsoft Visual Studio Solution File, Format Version 11.00
# Visual C++ Express 2010
Project("{8BC9CEB8-8B4A-11D0-8D11-00A0C91BC942}") = "winPort", "winPort.vcxproj", "{DFE0232A-9B9B-47E3-A302-983E26180FFB}"
EndProject
Global
	GlobalSection(SolutionConfigurationPlatforms) = preSolution
		Debug|Win32 = Debug|Win32
		Release|Win32 = Release|Win32
	EndGlobalSection
	GlobalSection(ProjectConfigurationPlatforms) = postSolution
		{DFE0232A-9B9B-47E3-A302-983E26180FFB}.Debug|Win32.ActiveCfg = Debug|Win32
		{DFE0232A-9B9B-47E3-A302-983E26180FFB}.Debug|Win32.Build.0 = Debug|Win32
		{DFE0232A-9B9B-47E3-A302-983E26180FFB}.Release|Win32.ActiveCfg = Release|Win32
		{DFE0232A-9B9B-47E3-A302-983E26180FFB}.Release|Win32.Build.0 = Release|Win32
	EndGlobalSection
	GlobalSection(SolutionProperties) = preSolution
		HideSolutionNode = FALSE
	EndGlobalSection
EndGlobal
