<?xml version="1.0" encoding="utf-8"?>
<Project ToolsVersion="4.0" xmlns="http://schemas.microsoft.com/developer/msbuild/2003">
  <ItemGroup>
    <Filter Include="Source Files">
      <UniqueIdentifier>{4FC737F1-C7A5-4376-A066-2A32D752A2FF}</UniqueIdentifier>
      <Extensions>cpp;c;cc;cxx;def;odl;idl;hpj;bat;asm;asmx</Extensions>
    </Filter>
    <Filter Include="Resource Files">
      <UniqueIdentifier>{67DA6AB6-F800-4c08-8B7A-83BB121AAD01}</UniqueIdentifier>
      <Extensions>rc;ico;cur;bmp;dlg;rc2;rct;bin;rgs;gif;jpg;jpeg;jpe;resx;tiff;tif;png;wav;mfcribbon-ms</Extensions>
    </Filter>
    <Filter Include="Source Files\engine">
      <UniqueIdentifier>{f366e721-82f0-4ac4-9ebd-50bdbd3f58e5}</UniqueIdentifier>
    </Filter>
    <Filter Include="Resource Files\shaders">
      <UniqueIdentifier>{8b950a3e-0e5e-4571-972e-6817c9de8b8a}</UniqueIdentifier>
    </Filter>
  </ItemGroup>
  <ItemGroup>
    <ClCompile Include="main.cpp">
      <Filter>Source Files</Filter>
    </ClCompile>
    <ClCompile Include="..\shaderUtilities.cpp">
      <Filter>Source Files\engine</Filter>
    </ClCompile>
    <ClCompile Include="..\Sheep.cpp">
      <Filter>Source Files\engine</Filter>
    </ClCompile>
    <ClCompile Include="..\electricSheep.cpp">
      <Filter>Source Files\engine</Filter>
    </ClCompile>
    <ClCompile Include="..\FileUtils.cpp">
      <Filter>Source Files\engine</Filter>
    </ClCompile>
    <ClCompile Include="..\ObjModel.cpp">
      <Filter>Source Files\engine</Filter>
    </ClCompile>
  </ItemGroup>
  <ItemGroup>
    <ClInclude Include="..\electricsheep.h">
      <Filter>Source Files\engine</Filter>
    </ClInclude>
    <ClInclude Include="..\FileUtils.h">
      <Filter>Source Files\engine</Filter>
    </ClInclude>
    <ClInclude Include="..\GLIncludes.h">
      <Filter>Source Files\engine</Filter>
    </ClInclude>
    <ClInclude Include="..\ObjModel.h">
      <Filter>Source Files\engine</Filter>
    </ClInclude>
    <ClInclude Include="..\Path_C_Interface.h">
      <Filter>Source Files\engine</Filter>
    </ClInclude>
    <ClInclude Include="..\shaderUtilities.h">
      <Filter>Source Files\engine</Filter>
    </ClInclude>
    <ClInclude Include="..\Sheep.h">
      <Filter>Source Files\engine</Filter>
    </ClInclude>
    <ClInclude Include="..\TexturesMap_C_Interface.h">
      <Filter>Source Files\engine</Filter>
    </ClInclude>
  </ItemGroup>
  <ItemGroup>
    <None Include="..\shaders\fragment.glsl">
      <Filter>Resource Files\shaders</Filter>
    </None>
    <None Include="..\shaders\vertex.glsl">
      <Filter>Resource Files\shaders</Filter>
    </None>
  </ItemGroup>
</Project>